// !$*UTF8*$!
{
	archiveVersion = 1;
	classes = {
	};
	objectVersion = 46;
	objects = {

/* Begin PBXBuildFile section */
		F50233311B70E3AA00DB94EB /* Localizable.strings in Resources */ = {isa = PBXBuildFile; fileRef = F50233331B70E3AA00DB94EB /* Localizable.strings */; };
		F511C1DC1B6F2A5F00DBAECE /* Resource.bundle in Resources */ = {isa = PBXBuildFile; fileRef = F511C1DB1B6F2A5F00DBAECE /* Resource.bundle */; };
		F515080C1B92F60D00C12A87 /* LeftPageViewController.m in Sources */ = {isa = PBXBuildFile; fileRef = F515080B1B92F60D00C12A87 /* LeftPageViewController.m */; };
		F51508101B92F61E00C12A87 /* MiddlePageViewController.m in Sources */ = {isa = PBXBuildFile; fileRef = F515080F1B92F61E00C12A87 /* MiddlePageViewController.m */; };
		F51508131B92F62D00C12A87 /* RightPageViewController.m in Sources */ = {isa = PBXBuildFile; fileRef = F51508121B92F62D00C12A87 /* RightPageViewController.m */; };
		F51593901BAC5A900043FFE9 /* LastListItemCell.m in Sources */ = {isa = PBXBuildFile; fileRef = F515938E1BAC5A900043FFE9 /* LastListItemCell.m */; };
		F51C116E1B905B6900F29C3F /* HomeTabViewController.m in Sources */ = {isa = PBXBuildFile; fileRef = F51C11561B905B6900F29C3F /* HomeTabViewController.m */; };
		F51C116F1B905B6900F29C3F /* LastViewController.m in Sources */ = {isa = PBXBuildFile; fileRef = F51C11581B905B6900F29C3F /* LastViewController.m */; };
		F51C11701B905B6900F29C3F /* NextViewController.m in Sources */ = {isa = PBXBuildFile; fileRef = F51C115A1B905B6900F29C3F /* NextViewController.m */; };
		F51C11711B905B6900F29C3F /* GlobalManager.m in Sources */ = {isa = PBXBuildFile; fileRef = F51C115D1B905B6900F29C3F /* GlobalManager.m */; };
		F51C11721B905B6900F29C3F /* KeyValueObserver.m in Sources */ = {isa = PBXBuildFile; fileRef = F51C115F1B905B6900F29C3F /* KeyValueObserver.m */; };
		F51C11731B905B6900F29C3F /* LocalNotification.m in Sources */ = {isa = PBXBuildFile; fileRef = F51C11611B905B6900F29C3F /* LocalNotification.m */; };
		F51C11741B905B6900F29C3F /* NetworkModel.m in Sources */ = {isa = PBXBuildFile; fileRef = F51C11631B905B6900F29C3F /* NetworkModel.m */; };
		F51C11751B905B6900F29C3F /* NetworkSDK.m in Sources */ = {isa = PBXBuildFile; fileRef = F51C11651B905B6900F29C3F /* NetworkSDK.m */; };
		F51C11761B905B6900F29C3F /* SkinManager.m in Sources */ = {isa = PBXBuildFile; fileRef = F51C11671B905B6900F29C3F /* SkinManager.m */; };
		F51C11771B905B6900F29C3F /* UserInfo.m in Sources */ = {isa = PBXBuildFile; fileRef = F51C11691B905B6900F29C3F /* UserInfo.m */; };
		F51C11791B905B6900F29C3F /* default_skin.plist in Resources */ = {isa = PBXBuildFile; fileRef = F51C116C1B905B6900F29C3F /* default_skin.plist */; };
		F51C118C1B905BD200F29C3F /* BaseNavigationController.m in Sources */ = {isa = PBXBuildFile; fileRef = F51C117D1B905BD200F29C3F /* BaseNavigationController.m */; };
		F51C118D1B905BD200F29C3F /* BaseTabBarController.m in Sources */ = {isa = PBXBuildFile; fileRef = F51C117F1B905BD200F29C3F /* BaseTabBarController.m */; };
		F51C118E1B905BD200F29C3F /* BaseViewController.m in Sources */ = {isa = PBXBuildFile; fileRef = F51C11811B905BD200F29C3F /* BaseViewController.m */; };
		F51C118F1B905BD200F29C3F /* BaseModel.m in Sources */ = {isa = PBXBuildFile; fileRef = F51C11841B905BD200F29C3F /* BaseModel.m */; };
		F51C11901B905BD200F29C3F /* BaseScrollView.m in Sources */ = {isa = PBXBuildFile; fileRef = F51C11871B905BD200F29C3F /* BaseScrollView.m */; };
		F51C11911B905BD200F29C3F /* BaseTableView.m in Sources */ = {isa = PBXBuildFile; fileRef = F51C11891B905BD200F29C3F /* BaseTableView.m */; };
		F51C11921B905BD200F29C3F /* BaseTableViewCell.m in Sources */ = {isa = PBXBuildFile; fileRef = F51C118B1B905BD200F29C3F /* BaseTableViewCell.m */; };
		F53640511C1525CE0021774D /* ListViewController.m in Sources */ = {isa = PBXBuildFile; fileRef = F53640501C1525CE0021774D /* ListViewController.m */; };
		F53640551C15267C0021774D /* ListItemCell.m in Sources */ = {isa = PBXBuildFile; fileRef = F53640541C15267C0021774D /* ListItemCell.m */; };
		F5687D321B022B640073594C /* main.m in Sources */ = {isa = PBXBuildFile; fileRef = F5687D311B022B640073594C /* main.m */; };
		F5687D351B022B640073594C /* AppDelegate.m in Sources */ = {isa = PBXBuildFile; fileRef = F5687D341B022B640073594C /* AppDelegate.m */; };
		F5687D3D1B022B640073594C /* Images.xcassets in Resources */ = {isa = PBXBuildFile; fileRef = F5687D3C1B022B640073594C /* Images.xcassets */; };
		F5687D651B022D510073594C /* UFoundation.framework in Frameworks */ = {isa = PBXBuildFile; fileRef = F5687D641B022D510073594C /* UFoundation.framework */; };
		F575C7761C586156004516D5 /* Launch Screen.storyboard in Resources */ = {isa = PBXBuildFile; fileRef = F575C7751C586156004516D5 /* Launch Screen.storyboard */; };
		F5859F471B70B0BC004EC7D2 /* InfoPlist.strings in Resources */ = {isa = PBXBuildFile; fileRef = F5859F491B70B0BC004EC7D2 /* InfoPlist.strings */; };
		F5C5E5B31BB3C0EB00AC039F /* CurrentViewController.m in Sources */ = {isa = PBXBuildFile; fileRef = F5C5E5B21BB3C0EB00AC039F /* CurrentViewController.m */; };
		F5E7B0C51C1FC09B009FEB76 /* LeftListItemCell.m in Sources */ = {isa = PBXBuildFile; fileRef = F5E7B0C41C1FC09B009FEB76 /* LeftListItemCell.m */; };
		F5E7CBBE1C43AB7B00839C44 /* libsqlite3.tbd in Frameworks */ = {isa = PBXBuildFile; fileRef = F5E7CBBD1C43AB7B00839C44 /* libsqlite3.tbd */; };
/* End PBXBuildFile section */

/* Begin PBXContainerItemProxy section */
		F5687D601B022C570073594C /* PBXContainerItemProxy */ = {
			isa = PBXContainerItemProxy;
			containerPortal = F5687D5C1B022C570073594C /* UFoundation.xcodeproj */;
			proxyType = 2;
			remoteGlobalIDString = F5974CC31B01FA0E004AA14F;
			remoteInfo = UFoundation;
		};
/* End PBXContainerItemProxy section */

/* Begin PBXFileReference section */
		F50233321B70E3AA00DB94EB /* en */ = {isa = PBXFileReference; lastKnownFileType = text.plist.strings; name = en; path = en.lproj/Localizable.strings; sourceTree = "<group>"; };
		F50233341B70E3AC00DB94EB /* zh-Hans */ = {isa = PBXFileReference; lastKnownFileType = text.plist.strings; name = "zh-Hans"; path = "zh-Hans.lproj/Localizable.strings"; sourceTree = "<group>"; };
		F502DA191B709D0D00AC5B52 /* UniversalApp-Prefix.pch */ = {isa = PBXFileReference; lastKnownFileType = sourcecode.c.h; path = "UniversalApp-Prefix.pch"; sourceTree = "<group>"; };
		F511C1DB1B6F2A5F00DBAECE /* Resource.bundle */ = {isa = PBXFileReference; lastKnownFileType = "wrapper.plug-in"; name = Resource.bundle; path = ../UFoundation/Resource.bundle; sourceTree = "<group>"; };
		F515080A1B92F60D00C12A87 /* LeftPageViewController.h */ = {isa = PBXFileReference; fileEncoding = 4; lastKnownFileType = sourcecode.c.h; path = LeftPageViewController.h; sourceTree = "<group>"; };
		F515080B1B92F60D00C12A87 /* LeftPageViewController.m */ = {isa = PBXFileReference; fileEncoding = 4; lastKnownFileType = sourcecode.c.objc; path = LeftPageViewController.m; sourceTree = "<group>"; };
		F515080E1B92F61E00C12A87 /* MiddlePageViewController.h */ = {isa = PBXFileReference; fileEncoding = 4; lastKnownFileType = sourcecode.c.h; path = MiddlePageViewController.h; sourceTree = "<group>"; };
		F515080F1B92F61E00C12A87 /* MiddlePageViewController.m */ = {isa = PBXFileReference; fileEncoding = 4; lastKnownFileType = sourcecode.c.objc; path = MiddlePageViewController.m; sourceTree = "<group>"; };
		F51508111B92F62D00C12A87 /* RightPageViewController.h */ = {isa = PBXFileReference; fileEncoding = 4; lastKnownFileType = sourcecode.c.h; path = RightPageViewController.h; sourceTree = "<group>"; };
		F51508121B92F62D00C12A87 /* RightPageViewController.m */ = {isa = PBXFileReference; fileEncoding = 4; lastKnownFileType = sourcecode.c.objc; path = RightPageViewController.m; sourceTree = "<group>"; };
		F515938D1BAC5A900043FFE9 /* LastListItemCell.h */ = {isa = PBXFileReference; fileEncoding = 4; lastKnownFileType = sourcecode.c.h; path = LastListItemCell.h; sourceTree = "<group>"; };
		F515938E1BAC5A900043FFE9 /* LastListItemCell.m */ = {isa = PBXFileReference; fileEncoding = 4; lastKnownFileType = sourcecode.c.objc; path = LastListItemCell.m; sourceTree = "<group>"; };
		F51C11551B905B6900F29C3F /* HomeTabViewController.h */ = {isa = PBXFileReference; fileEncoding = 4; lastKnownFileType = sourcecode.c.h; path = HomeTabViewController.h; sourceTree = "<group>"; };
		F51C11561B905B6900F29C3F /* HomeTabViewController.m */ = {isa = PBXFileReference; fileEncoding = 4; lastKnownFileType = sourcecode.c.objc; path = HomeTabViewController.m; sourceTree = "<group>"; };
		F51C11571B905B6900F29C3F /* LastViewController.h */ = {isa = PBXFileReference; fileEncoding = 4; lastKnownFileType = sourcecode.c.h; path = LastViewController.h; sourceTree = "<group>"; };
		F51C11581B905B6900F29C3F /* LastViewController.m */ = {isa = PBXFileReference; fileEncoding = 4; lastKnownFileType = sourcecode.c.objc; path = LastViewController.m; sourceTree = "<group>"; };
		F51C11591B905B6900F29C3F /* NextViewController.h */ = {isa = PBXFileReference; fileEncoding = 4; lastKnownFileType = sourcecode.c.h; path = NextViewController.h; sourceTree = "<group>"; };
		F51C115A1B905B6900F29C3F /* NextViewController.m */ = {isa = PBXFileReference; fileEncoding = 4; lastKnownFileType = sourcecode.c.objc; path = NextViewController.m; sourceTree = "<group>"; };
		F51C115C1B905B6900F29C3F /* GlobalManager.h */ = {isa = PBXFileReference; fileEncoding = 4; lastKnownFileType = sourcecode.c.h; path = GlobalManager.h; sourceTree = "<group>"; };
		F51C115D1B905B6900F29C3F /* GlobalManager.m */ = {isa = PBXFileReference; fileEncoding = 4; lastKnownFileType = sourcecode.c.objc; path = GlobalManager.m; sourceTree = "<group>"; };
		F51C115E1B905B6900F29C3F /* KeyValueObserver.h */ = {isa = PBXFileReference; fileEncoding = 4; lastKnownFileType = sourcecode.c.h; path = KeyValueObserver.h; sourceTree = "<group>"; };
		F51C115F1B905B6900F29C3F /* KeyValueObserver.m */ = {isa = PBXFileReference; fileEncoding = 4; lastKnownFileType = sourcecode.c.objc; path = KeyValueObserver.m; sourceTree = "<group>"; };
		F51C11601B905B6900F29C3F /* LocalNotification.h */ = {isa = PBXFileReference; fileEncoding = 4; lastKnownFileType = sourcecode.c.h; path = LocalNotification.h; sourceTree = "<group>"; };
		F51C11611B905B6900F29C3F /* LocalNotification.m */ = {isa = PBXFileReference; fileEncoding = 4; lastKnownFileType = sourcecode.c.objc; path = LocalNotification.m; sourceTree = "<group>"; };
		F51C11621B905B6900F29C3F /* NetworkModel.h */ = {isa = PBXFileReference; fileEncoding = 4; lastKnownFileType = sourcecode.c.h; path = NetworkModel.h; sourceTree = "<group>"; };
		F51C11631B905B6900F29C3F /* NetworkModel.m */ = {isa = PBXFileReference; fileEncoding = 4; lastKnownFileType = sourcecode.c.objc; path = NetworkModel.m; sourceTree = "<group>"; };
		F51C11641B905B6900F29C3F /* NetworkSDK.h */ = {isa = PBXFileReference; fileEncoding = 4; lastKnownFileType = sourcecode.c.h; path = NetworkSDK.h; sourceTree = "<group>"; };
		F51C11651B905B6900F29C3F /* NetworkSDK.m */ = {isa = PBXFileReference; fileEncoding = 4; lastKnownFileType = sourcecode.c.objc; path = NetworkSDK.m; sourceTree = "<group>"; };
		F51C11661B905B6900F29C3F /* SkinManager.h */ = {isa = PBXFileReference; fileEncoding = 4; lastKnownFileType = sourcecode.c.h; path = SkinManager.h; sourceTree = "<group>"; };
		F51C11671B905B6900F29C3F /* SkinManager.m */ = {isa = PBXFileReference; fileEncoding = 4; lastKnownFileType = sourcecode.c.objc; path = SkinManager.m; sourceTree = "<group>"; };
		F51C11681B905B6900F29C3F /* UserInfo.h */ = {isa = PBXFileReference; fileEncoding = 4; lastKnownFileType = sourcecode.c.h; path = UserInfo.h; sourceTree = "<group>"; };
		F51C11691B905B6900F29C3F /* UserInfo.m */ = {isa = PBXFileReference; fileEncoding = 4; lastKnownFileType = sourcecode.c.objc; path = UserInfo.m; sourceTree = "<group>"; };
		F51C116C1B905B6900F29C3F /* default_skin.plist */ = {isa = PBXFileReference; fileEncoding = 4; lastKnownFileType = text.plist.xml; path = default_skin.plist; sourceTree = "<group>"; };
		F51C117C1B905BD200F29C3F /* BaseNavigationController.h */ = {isa = PBXFileReference; fileEncoding = 4; lastKnownFileType = sourcecode.c.h; path = BaseNavigationController.h; sourceTree = "<group>"; };
		F51C117D1B905BD200F29C3F /* BaseNavigationController.m */ = {isa = PBXFileReference; fileEncoding = 4; lastKnownFileType = sourcecode.c.objc; path = BaseNavigationController.m; sourceTree = "<group>"; };
		F51C117E1B905BD200F29C3F /* BaseTabBarController.h */ = {isa = PBXFileReference; fileEncoding = 4; lastKnownFileType = sourcecode.c.h; path = BaseTabBarController.h; sourceTree = "<group>"; };
		F51C117F1B905BD200F29C3F /* BaseTabBarController.m */ = {isa = PBXFileReference; fileEncoding = 4; lastKnownFileType = sourcecode.c.objc; path = BaseTabBarController.m; sourceTree = "<group>"; };
		F51C11801B905BD200F29C3F /* BaseViewController.h */ = {isa = PBXFileReference; fileEncoding = 4; lastKnownFileType = sourcecode.c.h; path = BaseViewController.h; sourceTree = "<group>"; };
		F51C11811B905BD200F29C3F /* BaseViewController.m */ = {isa = PBXFileReference; fileEncoding = 4; lastKnownFileType = sourcecode.c.objc; path = BaseViewController.m; sourceTree = "<group>"; };
		F51C11831B905BD200F29C3F /* BaseModel.h */ = {isa = PBXFileReference; fileEncoding = 4; lastKnownFileType = sourcecode.c.h; path = BaseModel.h; sourceTree = "<group>"; };
		F51C11841B905BD200F29C3F /* BaseModel.m */ = {isa = PBXFileReference; fileEncoding = 4; lastKnownFileType = sourcecode.c.objc; path = BaseModel.m; sourceTree = "<group>"; };
		F51C11861B905BD200F29C3F /* BaseScrollView.h */ = {isa = PBXFileReference; fileEncoding = 4; lastKnownFileType = sourcecode.c.h; path = BaseScrollView.h; sourceTree = "<group>"; };
		F51C11871B905BD200F29C3F /* BaseScrollView.m */ = {isa = PBXFileReference; fileEncoding = 4; lastKnownFileType = sourcecode.c.objc; path = BaseScrollView.m; sourceTree = "<group>"; };
		F51C11881B905BD200F29C3F /* BaseTableView.h */ = {isa = PBXFileReference; fileEncoding = 4; lastKnownFileType = sourcecode.c.h; path = BaseTableView.h; sourceTree = "<group>"; };
		F51C11891B905BD200F29C3F /* BaseTableView.m */ = {isa = PBXFileReference; fileEncoding = 4; lastKnownFileType = sourcecode.c.objc; path = BaseTableView.m; sourceTree = "<group>"; };
		F51C118A1B905BD200F29C3F /* BaseTableViewCell.h */ = {isa = PBXFileReference; fileEncoding = 4; lastKnownFileType = sourcecode.c.h; path = BaseTableViewCell.h; sourceTree = "<group>"; };
		F51C118B1B905BD200F29C3F /* BaseTableViewCell.m */ = {isa = PBXFileReference; fileEncoding = 4; lastKnownFileType = sourcecode.c.objc; path = BaseTableViewCell.m; sourceTree = "<group>"; };
		F536404F1C1525CE0021774D /* ListViewController.h */ = {isa = PBXFileReference; fileEncoding = 4; lastKnownFileType = sourcecode.c.h; path = ListViewController.h; sourceTree = "<group>"; };
		F53640501C1525CE0021774D /* ListViewController.m */ = {isa = PBXFileReference; fileEncoding = 4; lastKnownFileType = sourcecode.c.objc; path = ListViewController.m; sourceTree = "<group>"; };
		F53640531C15267C0021774D /* ListItemCell.h */ = {isa = PBXFileReference; fileEncoding = 4; lastKnownFileType = sourcecode.c.h; path = ListItemCell.h; sourceTree = "<group>"; };
		F53640541C15267C0021774D /* ListItemCell.m */ = {isa = PBXFileReference; fileEncoding = 4; lastKnownFileType = sourcecode.c.objc; path = ListItemCell.m; sourceTree = "<group>"; };
		F56802B81B16CB0100A3F2CD /* Constants.h */ = {isa = PBXFileReference; lastKnownFileType = sourcecode.c.h; path = Constants.h; sourceTree = "<group>"; };
		F5687D2C1B022B640073594C /* UniversalApp.app */ = {isa = PBXFileReference; explicitFileType = wrapper.application; includeInIndex = 0; path = UniversalApp.app; sourceTree = BUILT_PRODUCTS_DIR; };
		F5687D311B022B640073594C /* main.m */ = {isa = PBXFileReference; lastKnownFileType = sourcecode.c.objc; path = main.m; sourceTree = "<group>"; };
		F5687D331B022B640073594C /* AppDelegate.h */ = {isa = PBXFileReference; lastKnownFileType = sourcecode.c.h; path = AppDelegate.h; sourceTree = "<group>"; };
		F5687D341B022B640073594C /* AppDelegate.m */ = {isa = PBXFileReference; lastKnownFileType = sourcecode.c.objc; path = AppDelegate.m; sourceTree = "<group>"; };
		F5687D3C1B022B640073594C /* Images.xcassets */ = {isa = PBXFileReference; lastKnownFileType = folder.assetcatalog; path = Images.xcassets; sourceTree = "<group>"; };
		F5687D4A1B022B640073594C /* Info.plist */ = {isa = PBXFileReference; lastKnownFileType = text.plist.xml; path = Info.plist; sourceTree = "<group>"; };
		F5687D4B1B022B640073594C /* UniversalAppTests.m */ = {isa = PBXFileReference; lastKnownFileType = sourcecode.c.objc; path = UniversalAppTests.m; sourceTree = "<group>"; };
		F5687D5C1B022C570073594C /* UFoundation.xcodeproj */ = {isa = PBXFileReference; lastKnownFileType = "wrapper.pb-project"; name = UFoundation.xcodeproj; path = ../UFoundation/UFoundation.xcodeproj; sourceTree = "<group>"; };
		F5687D641B022D510073594C /* UFoundation.framework */ = {isa = PBXFileReference; lastKnownFileType = wrapper.framework; name = UFoundation.framework; path = "DerivedData/UniversalApp/Build/Products/Debug-iphonesimulator/UFoundation.framework"; sourceTree = "<group>"; };
		F575C7751C586156004516D5 /* Launch Screen.storyboard */ = {isa = PBXFileReference; fileEncoding = 4; lastKnownFileType = file.storyboard; path = "Launch Screen.storyboard"; sourceTree = "<group>"; };
		F5859F481B70B0BC004EC7D2 /* en */ = {isa = PBXFileReference; lastKnownFileType = text.plist.strings; name = en; path = en.lproj/InfoPlist.strings; sourceTree = "<group>"; };
		F5859F4A1B70B1A3004EC7D2 /* en */ = {isa = PBXFileReference; lastKnownFileType = text.plist.xml; name = en; path = en.lproj/Info.plist; sourceTree = "<group>"; };
		F595BB001B70BB0800659E1D /* zh-Hans */ = {isa = PBXFileReference; lastKnownFileType = text.plist.strings; name = "zh-Hans"; path = "zh-Hans.lproj/InfoPlist.strings"; sourceTree = "<group>"; };
		F595BB011B70BB0800659E1D /* zh-Hans */ = {isa = PBXFileReference; lastKnownFileType = text.plist.xml; name = "zh-Hans"; path = "zh-Hans.lproj/Info.plist"; sourceTree = "<group>"; };
		F5C5E5B11BB3C0EB00AC039F /* CurrentViewController.h */ = {isa = PBXFileReference; fileEncoding = 4; lastKnownFileType = sourcecode.c.h; path = CurrentViewController.h; sourceTree = "<group>"; };
		F5C5E5B21BB3C0EB00AC039F /* CurrentViewController.m */ = {isa = PBXFileReference; fileEncoding = 4; lastKnownFileType = sourcecode.c.objc; path = CurrentViewController.m; sourceTree = "<group>"; };
		F5E7B0C31C1FC09B009FEB76 /* LeftListItemCell.h */ = {isa = PBXFileReference; fileEncoding = 4; lastKnownFileType = sourcecode.c.h; path = LeftListItemCell.h; sourceTree = "<group>"; };
		F5E7B0C41C1FC09B009FEB76 /* LeftListItemCell.m */ = {isa = PBXFileReference; fileEncoding = 4; lastKnownFileType = sourcecode.c.objc; path = LeftListItemCell.m; sourceTree = "<group>"; };
		F5E7CBBD1C43AB7B00839C44 /* libsqlite3.tbd */ = {isa = PBXFileReference; lastKnownFileType = "sourcecode.text-based-dylib-definition"; name = libsqlite3.tbd; path = usr/lib/libsqlite3.tbd; sourceTree = SDKROOT; };
/* End PBXFileReference section */

/* Begin PBXFrameworksBuildPhase section */
		F5687D291B022B640073594C /* Frameworks */ = {
			isa = PBXFrameworksBuildPhase;
			buildActionMask = 2147483647;
			files = (
				F5E7CBBE1C43AB7B00839C44 /* libsqlite3.tbd in Frameworks */,
				F5687D651B022D510073594C /* UFoundation.framework in Frameworks */,
			);
			runOnlyForDeploymentPostprocessing = 0;
		};
/* End PBXFrameworksBuildPhase section */

/* Begin PBXGroup section */
		F511C1F71B6F545900DBAECE /* Frameworks */ = {
			isa = PBXGroup;
			children = (
				F5E7CBBD1C43AB7B00839C44 /* libsqlite3.tbd */,
			);
			name = Frameworks;
			sourceTree = "<group>";
		};
		F51C11521B905B6900F29C3F /* Controllers */ = {
			isa = PBXGroup;
			children = (
				F51C11551B905B6900F29C3F /* HomeTabViewController.h */,
				F51C11561B905B6900F29C3F /* HomeTabViewController.m */,
				F515080A1B92F60D00C12A87 /* LeftPageViewController.h */,
				F515080B1B92F60D00C12A87 /* LeftPageViewController.m */,
				F515080E1B92F61E00C12A87 /* MiddlePageViewController.h */,
				F515080F1B92F61E00C12A87 /* MiddlePageViewController.m */,
				F51508111B92F62D00C12A87 /* RightPageViewController.h */,
				F51508121B92F62D00C12A87 /* RightPageViewController.m */,
				F51C11571B905B6900F29C3F /* LastViewController.h */,
				F51C11581B905B6900F29C3F /* LastViewController.m */,
				F5C5E5B11BB3C0EB00AC039F /* CurrentViewController.h */,
				F5C5E5B21BB3C0EB00AC039F /* CurrentViewController.m */,
				F51C11591B905B6900F29C3F /* NextViewController.h */,
				F51C115A1B905B6900F29C3F /* NextViewController.m */,
				F536404F1C1525CE0021774D /* ListViewController.h */,
				F53640501C1525CE0021774D /* ListViewController.m */,
			);
			path = Controllers;
			sourceTree = "<group>";
		};
		F51C115B1B905B6900F29C3F /* Models */ = {
			isa = PBXGroup;
			children = (
				F51C11621B905B6900F29C3F /* NetworkModel.h */,
				F51C11631B905B6900F29C3F /* NetworkModel.m */,
				F51C11641B905B6900F29C3F /* NetworkSDK.h */,
				F51C11651B905B6900F29C3F /* NetworkSDK.m */,
				F51C115C1B905B6900F29C3F /* GlobalManager.h */,
				F51C115D1B905B6900F29C3F /* GlobalManager.m */,
				F51C115E1B905B6900F29C3F /* KeyValueObserver.h */,
				F51C115F1B905B6900F29C3F /* KeyValueObserver.m */,
				F51C11601B905B6900F29C3F /* LocalNotification.h */,
				F51C11611B905B6900F29C3F /* LocalNotification.m */,
				F51C11661B905B6900F29C3F /* SkinManager.h */,
				F51C11671B905B6900F29C3F /* SkinManager.m */,
				F51C11681B905B6900F29C3F /* UserInfo.h */,
				F51C11691B905B6900F29C3F /* UserInfo.m */,
			);
			path = Models;
			sourceTree = "<group>";
		};
		F51C116A1B905B6900F29C3F /* Resources */ = {
			isa = PBXGroup;
			children = (
				F51C116C1B905B6900F29C3F /* default_skin.plist */,
			);
			path = Resources;
			sourceTree = "<group>";
		};
		F51C117A1B905B9400F29C3F /* Views */ = {
			isa = PBXGroup;
			children = (
				F515938D1BAC5A900043FFE9 /* LastListItemCell.h */,
				F515938E1BAC5A900043FFE9 /* LastListItemCell.m */,
				F53640531C15267C0021774D /* ListItemCell.h */,
				F53640541C15267C0021774D /* ListItemCell.m */,
				F5E7B0C31C1FC09B009FEB76 /* LeftListItemCell.h */,
				F5E7B0C41C1FC09B009FEB76 /* LeftListItemCell.m */,
			);
			path = Views;
			sourceTree = "<group>";
		};
		F51C117B1B905BD200F29C3F /* Controllers */ = {
			isa = PBXGroup;
			children = (
				F51C117C1B905BD200F29C3F /* BaseNavigationController.h */,
				F51C117D1B905BD200F29C3F /* BaseNavigationController.m */,
				F51C117E1B905BD200F29C3F /* BaseTabBarController.h */,
				F51C117F1B905BD200F29C3F /* BaseTabBarController.m */,
				F51C11801B905BD200F29C3F /* BaseViewController.h */,
				F51C11811B905BD200F29C3F /* BaseViewController.m */,
			);
			name = Controllers;
			path = AppBase/Controllers;
			sourceTree = "<group>";
		};
		F51C11821B905BD200F29C3F /* Models */ = {
			isa = PBXGroup;
			children = (
				F51C11831B905BD200F29C3F /* BaseModel.h */,
				F51C11841B905BD200F29C3F /* BaseModel.m */,
			);
			name = Models;
			path = AppBase/Models;
			sourceTree = "<group>";
		};
		F51C11851B905BD200F29C3F /* Views */ = {
			isa = PBXGroup;
			children = (
				F51C11861B905BD200F29C3F /* BaseScrollView.h */,
				F51C11871B905BD200F29C3F /* BaseScrollView.m */,
				F51C11881B905BD200F29C3F /* BaseTableView.h */,
				F51C11891B905BD200F29C3F /* BaseTableView.m */,
				F51C118A1B905BD200F29C3F /* BaseTableViewCell.h */,
				F51C118B1B905BD200F29C3F /* BaseTableViewCell.m */,
			);
			name = Views;
			path = AppBase/Views;
			sourceTree = "<group>";
		};
		F5687D231B022B640073594C = {
			isa = PBXGroup;
			children = (
				F5687D551B022C0E0073594C /* UFoundation */,
				F5687D2E1B022B640073594C /* UniversalApp */,
				F5687D481B022B640073594C /* UniversalAppTests */,
				F511C1F71B6F545900DBAECE /* Frameworks */,
				F5687D2D1B022B640073594C /* Products */,
			);
			sourceTree = "<group>";
		};
		F5687D2D1B022B640073594C /* Products */ = {
			isa = PBXGroup;
			children = (
				F5687D2C1B022B640073594C /* UniversalApp.app */,
			);
			name = Products;
			sourceTree = "<group>";
		};
		F5687D2E1B022B640073594C /* UniversalApp */ = {
			isa = PBXGroup;
			children = (
				F51C115B1B905B6900F29C3F /* Models */,
				F51C117A1B905B9400F29C3F /* Views */,
				F51C11521B905B6900F29C3F /* Controllers */,
				F51C116A1B905B6900F29C3F /* Resources */,
				F56C2CF71B0446B100D5DF66 /* AppBase */,
				F5687D331B022B640073594C /* AppDelegate.h */,
				F5687D341B022B640073594C /* AppDelegate.m */,
				F575C7751C586156004516D5 /* Launch Screen.storyboard */,
				F5687D3C1B022B640073594C /* Images.xcassets */,
				F5687D2F1B022B640073594C /* Supporting Files */,
			);
			path = UniversalApp;
			sourceTree = "<group>";
		};
		F5687D2F1B022B640073594C /* Supporting Files */ = {
			isa = PBXGroup;
			children = (
				F5859F491B70B0BC004EC7D2 /* InfoPlist.strings */,
				F502DA191B709D0D00AC5B52 /* UniversalApp-Prefix.pch */,
				F5859F4B1B70B1A3004EC7D2 /* Info.plist */,
				F5687D311B022B640073594C /* main.m */,
				F50233331B70E3AA00DB94EB /* Localizable.strings */,
			);
			name = "Supporting Files";
			sourceTree = "<group>";
		};
		F5687D481B022B640073594C /* UniversalAppTests */ = {
			isa = PBXGroup;
			children = (
				F5687D4B1B022B640073594C /* UniversalAppTests.m */,
				F5687D491B022B640073594C /* Supporting Files */,
			);
			path = UniversalAppTests;
			sourceTree = "<group>";
		};
		F5687D491B022B640073594C /* Supporting Files */ = {
			isa = PBXGroup;
			children = (
				F5687D4A1B022B640073594C /* Info.plist */,
			);
			name = "Supporting Files";
			sourceTree = "<group>";
		};
		F5687D551B022C0E0073594C /* UFoundation */ = {
			isa = PBXGroup;
			children = (
				F5687D5C1B022C570073594C /* UFoundation.xcodeproj */,
				F5687D641B022D510073594C /* UFoundation.framework */,
				F511C1DB1B6F2A5F00DBAECE /* Resource.bundle */,
			);
			name = UFoundation;
			sourceTree = "<group>";
		};
		F5687D5D1B022C570073594C /* Products */ = {
			isa = PBXGroup;
			children = (
				F5687D611B022C570073594C /* UFoundation.framework */,
			);
			name = Products;
			sourceTree = "<group>";
		};
		F56C2CF71B0446B100D5DF66 /* AppBase */ = {
			isa = PBXGroup;
			children = (
				F56802B81B16CB0100A3F2CD /* Constants.h */,
				F51C11821B905BD200F29C3F /* Models */,
				F51C11851B905BD200F29C3F /* Views */,
				F51C117B1B905BD200F29C3F /* Controllers */,
			);
			name = AppBase;
			sourceTree = "<group>";
		};
/* End PBXGroup section */

/* Begin PBXNativeTarget section */
		F5687D2B1B022B640073594C /* UniversalApp */ = {
			isa = PBXNativeTarget;
			buildConfigurationList = F5687D4F1B022B640073594C /* Build configuration list for PBXNativeTarget "UniversalApp" */;
			buildPhases = (
				F5687D281B022B640073594C /* Sources */,
				F5687D291B022B640073594C /* Frameworks */,
				F5687D2A1B022B640073594C /* Resources */,
			);
			buildRules = (
			);
			dependencies = (
			);
			name = UniversalApp;
			productName = UniversalApp;
			productReference = F5687D2C1B022B640073594C /* UniversalApp.app */;
			productType = "com.apple.product-type.application";
		};
/* End PBXNativeTarget section */

/* Begin PBXProject section */
		F5687D241B022B640073594C /* Project object */ = {
			isa = PBXProject;
			attributes = {
				LastUpgradeCheck = 0700;
				ORGANIZATIONNAME = think;
				TargetAttributes = {
					F5687D2B1B022B640073594C = {
						CreatedOnToolsVersion = 6.3.1;
						DevelopmentTeam = 28U6YUFTWJ;
						SystemCapabilities = {
							com.apple.BackgroundModes = {
								enabled = 1;
							};
							com.apple.InAppPurchase = {
								enabled = 0;
							};
							com.apple.Maps.iOS = {
								enabled = 1;
							};
						};
					};
				};
			};
			buildConfigurationList = F5687D271B022B640073594C /* Build configuration list for PBXProject "UniversalApp" */;
			compatibilityVersion = "Xcode 3.2";
			developmentRegion = English;
			hasScannedForEncodings = 0;
			knownRegions = (
				en,
				"zh-Hans",
			);
			mainGroup = F5687D231B022B640073594C;
			productRefGroup = F5687D2D1B022B640073594C /* Products */;
			projectDirPath = "";
			projectReferences = (
				{
					ProductGroup = F5687D5D1B022C570073594C /* Products */;
					ProjectRef = F5687D5C1B022C570073594C /* UFoundation.xcodeproj */;
				},
			);
			projectRoot = "";
			targets = (
				F5687D2B1B022B640073594C /* UniversalApp */,
			);
		};
/* End PBXProject section */

/* Begin PBXReferenceProxy section */
		F5687D611B022C570073594C /* UFoundation.framework */ = {
			isa = PBXReferenceProxy;
			fileType = wrapper.cfbundle;
			path = UFoundation.framework;
			remoteRef = F5687D601B022C570073594C /* PBXContainerItemProxy */;
			sourceTree = BUILT_PRODUCTS_DIR;
		};
/* End PBXReferenceProxy section */

/* Begin PBXResourcesBuildPhase section */
		F5687D2A1B022B640073594C /* Resources */ = {
			isa = PBXResourcesBuildPhase;
			buildActionMask = 2147483647;
			files = (
				F575C7761C586156004516D5 /* Launch Screen.storyboard in Resources */,
				F5687D3D1B022B640073594C /* Images.xcassets in Resources */,
				F50233311B70E3AA00DB94EB /* Localizable.strings in Resources */,
				F5859F471B70B0BC004EC7D2 /* InfoPlist.strings in Resources */,
				F511C1DC1B6F2A5F00DBAECE /* Resource.bundle in Resources */,
				F51C11791B905B6900F29C3F /* default_skin.plist in Resources */,
			);
			runOnlyForDeploymentPostprocessing = 0;
		};
/* End PBXResourcesBuildPhase section */

/* Begin PBXSourcesBuildPhase section */
		F5687D281B022B640073594C /* Sources */ = {
			isa = PBXSourcesBuildPhase;
			buildActionMask = 2147483647;
			files = (
				F53640511C1525CE0021774D /* ListViewController.m in Sources */,
				F51508101B92F61E00C12A87 /* MiddlePageViewController.m in Sources */,
				F51C11741B905B6900F29C3F /* NetworkModel.m in Sources */,
				F51C11771B905B6900F29C3F /* UserInfo.m in Sources */,
				F515080C1B92F60D00C12A87 /* LeftPageViewController.m in Sources */,
				F5C5E5B31BB3C0EB00AC039F /* CurrentViewController.m in Sources */,
				F53640551C15267C0021774D /* ListItemCell.m in Sources */,
				F5687D351B022B640073594C /* AppDelegate.m in Sources */,
				F51C116F1B905B6900F29C3F /* LastViewController.m in Sources */,
				F51C116E1B905B6900F29C3F /* HomeTabViewController.m in Sources */,
				F51C118D1B905BD200F29C3F /* BaseTabBarController.m in Sources */,
				F51C11921B905BD200F29C3F /* BaseTableViewCell.m in Sources */,
				F51593901BAC5A900043FFE9 /* LastListItemCell.m in Sources */,
				F51C118C1B905BD200F29C3F /* BaseNavigationController.m in Sources */,
				F51508131B92F62D00C12A87 /* RightPageViewController.m in Sources */,
				F51C11721B905B6900F29C3F /* KeyValueObserver.m in Sources */,
				F51C11701B905B6900F29C3F /* NextViewController.m in Sources */,
				F51C11901B905BD200F29C3F /* BaseScrollView.m in Sources */,
				F51C11731B905B6900F29C3F /* LocalNotification.m in Sources */,
				F51C11711B905B6900F29C3F /* GlobalManager.m in Sources */,
				F5E7B0C51C1FC09B009FEB76 /* LeftListItemCell.m in Sources */,
				F51C118F1B905BD200F29C3F /* BaseModel.m in Sources */,
				F51C11751B905B6900F29C3F /* NetworkSDK.m in Sources */,
				F51C11761B905B6900F29C3F /* SkinManager.m in Sources */,
				F51C11911B905BD200F29C3F /* BaseTableView.m in Sources */,
				F5687D321B022B640073594C /* main.m in Sources */,
				F51C118E1B905BD200F29C3F /* BaseViewController.m in Sources */,
			);
			runOnlyForDeploymentPostprocessing = 0;
		};
/* End PBXSourcesBuildPhase section */

/* Begin PBXVariantGroup section */
		F50233331B70E3AA00DB94EB /* Localizable.strings */ = {
			isa = PBXVariantGroup;
			children = (
				F50233321B70E3AA00DB94EB /* en */,
				F50233341B70E3AC00DB94EB /* zh-Hans */,
			);
			name = Localizable.strings;
			sourceTree = "<group>";
		};
		F5859F491B70B0BC004EC7D2 /* InfoPlist.strings */ = {
			isa = PBXVariantGroup;
			children = (
				F5859F481B70B0BC004EC7D2 /* en */,
				F595BB001B70BB0800659E1D /* zh-Hans */,
			);
			name = InfoPlist.strings;
			sourceTree = "<group>";
		};
		F5859F4B1B70B1A3004EC7D2 /* Info.plist */ = {
			isa = PBXVariantGroup;
			children = (
				F5859F4A1B70B1A3004EC7D2 /* en */,
				F595BB011B70BB0800659E1D /* zh-Hans */,
			);
			name = Info.plist;
			sourceTree = "<group>";
		};
/* End PBXVariantGroup section */

/* Begin XCBuildConfiguration section */
		F5687D4D1B022B640073594C /* Debug */ = {
			isa = XCBuildConfiguration;
			buildSettings = {
				ALWAYS_SEARCH_USER_PATHS = NO;
				CLANG_CXX_LANGUAGE_STANDARD = "gnu++0x";
				CLANG_CXX_LIBRARY = "libc++";
				CLANG_ENABLE_MODULES = YES;
				CLANG_ENABLE_OBJC_ARC = YES;
				CLANG_WARN_BOOL_CONVERSION = YES;
				CLANG_WARN_CONSTANT_CONVERSION = YES;
				CLANG_WARN_DIRECT_OBJC_ISA_USAGE = YES_ERROR;
				CLANG_WARN_EMPTY_BODY = YES;
				CLANG_WARN_ENUM_CONVERSION = YES;
				CLANG_WARN_INT_CONVERSION = YES;
				CLANG_WARN_OBJC_ROOT_CLASS = YES_ERROR;
				CLANG_WARN_UNREACHABLE_CODE = YES;
				CLANG_WARN__DUPLICATE_METHOD_MATCH = YES;
				CODE_SIGN_IDENTITY = "";
				"CODE_SIGN_IDENTITY[sdk=iphoneos*]" = "iPhone Developer";
				COPY_PHASE_STRIP = NO;
				DEBUG_INFORMATION_FORMAT = "dwarf-with-dsym";
				ENABLE_STRICT_OBJC_MSGSEND = YES;
				ENABLE_TESTABILITY = YES;
				GCC_C_LANGUAGE_STANDARD = gnu99;
				GCC_DYNAMIC_NO_PIC = NO;
				GCC_NO_COMMON_BLOCKS = YES;
				GCC_OPTIMIZATION_LEVEL = 0;
				GCC_PREPROCESSOR_DEFINITIONS = (
					"DEBUG=1",
					"$(inherited)",
				);
				GCC_SYMBOLS_PRIVATE_EXTERN = NO;
				GCC_WARN_64_TO_32_BIT_CONVERSION = YES;
				GCC_WARN_ABOUT_RETURN_TYPE = YES_ERROR;
				GCC_WARN_UNDECLARED_SELECTOR = YES;
				GCC_WARN_UNINITIALIZED_AUTOS = YES_AGGRESSIVE;
				GCC_WARN_UNUSED_FUNCTION = YES;
				GCC_WARN_UNUSED_VARIABLE = YES;
				IPHONEOS_DEPLOYMENT_TARGET = 6.0;
				MTL_ENABLE_DEBUG_INFO = YES;
				ONLY_ACTIVE_ARCH = YES;
				PROVISIONING_PROFILE = "";
				SDKROOT = iphoneos;
				TARGETED_DEVICE_FAMILY = "1,2";
			};
			name = Debug;
		};
		F5687D4E1B022B640073594C /* Release */ = {
			isa = XCBuildConfiguration;
			buildSettings = {
				ALWAYS_SEARCH_USER_PATHS = NO;
				CLANG_CXX_LANGUAGE_STANDARD = "gnu++0x";
				CLANG_CXX_LIBRARY = "libc++";
				CLANG_ENABLE_MODULES = YES;
				CLANG_ENABLE_OBJC_ARC = YES;
				CLANG_WARN_BOOL_CONVERSION = YES;
				CLANG_WARN_CONSTANT_CONVERSION = YES;
				CLANG_WARN_DIRECT_OBJC_ISA_USAGE = YES_ERROR;
				CLANG_WARN_EMPTY_BODY = YES;
				CLANG_WARN_ENUM_CONVERSION = YES;
				CLANG_WARN_INT_CONVERSION = YES;
				CLANG_WARN_OBJC_ROOT_CLASS = YES_ERROR;
				CLANG_WARN_UNREACHABLE_CODE = YES;
				CLANG_WARN__DUPLICATE_METHOD_MATCH = YES;
				CODE_SIGN_IDENTITY = "";
				"CODE_SIGN_IDENTITY[sdk=iphoneos*]" = "iPhone Developer";
				COPY_PHASE_STRIP = NO;
				DEBUG_INFORMATION_FORMAT = "dwarf-with-dsym";
				ENABLE_NS_ASSERTIONS = NO;
				ENABLE_STRICT_OBJC_MSGSEND = YES;
				GCC_C_LANGUAGE_STANDARD = gnu99;
				GCC_NO_COMMON_BLOCKS = YES;
				GCC_WARN_64_TO_32_BIT_CONVERSION = YES;
				GCC_WARN_ABOUT_RETURN_TYPE = YES_ERROR;
				GCC_WARN_UNDECLARED_SELECTOR = YES;
				GCC_WARN_UNINITIALIZED_AUTOS = YES_AGGRESSIVE;
				GCC_WARN_UNUSED_FUNCTION = YES;
				GCC_WARN_UNUSED_VARIABLE = YES;
				IPHONEOS_DEPLOYMENT_TARGET = 6.0;
				MTL_ENABLE_DEBUG_INFO = NO;
				PROVISIONING_PROFILE = "";
				SDKROOT = iphoneos;
				TARGETED_DEVICE_FAMILY = "1,2";
				VALIDATE_PRODUCT = YES;
			};
			name = Release;
		};
		F5687D501B022B640073594C /* Debug */ = {
			isa = XCBuildConfiguration;
			buildSettings = {
				ASSETCATALOG_COMPILER_APPICON_NAME = AppIcon;
				CODE_SIGN_IDENTITY = "iPhone Developer";
				"CODE_SIGN_IDENTITY[sdk=iphoneos*]" = "iPhone Developer";
				ENABLE_BITCODE = YES;
				FRAMEWORK_SEARCH_PATHS = (
					"$(inherited)",
					"$(PROJECT_DIR)/DerivedData/UniversalApp/Build/Products/Debug-iphonesimulator",
				);
				GCC_C_LANGUAGE_STANDARD = gnu99;
				GCC_PRECOMPILE_PREFIX_HEADER = NO;
				GCC_PREFIX_HEADER = "UniversalApp/UniversalApp-Prefix.pch";
				HEADER_SEARCH_PATHS = (
					"$(inherited)",
					/Applications/Xcode.app/Contents/Developer/Toolchains/XcodeDefault.xctoolchain/usr/include,
				);
				INFOPLIST_FILE = "$(SRCROOT)/../UFoundation/UFoundation/Info.plist";
				IPHONEOS_DEPLOYMENT_TARGET = 6.0;
				LD_RUNPATH_SEARCH_PATHS = "$(inherited) @executable_path/Frameworks";
				LIBRARY_SEARCH_PATHS = "$(inherited)";
				PRODUCT_BUNDLE_IDENTIFIER = com.powerall.UniversalApp;
				PRODUCT_NAME = "$(TARGET_NAME)";
				PROVISIONING_PROFILE = "";
				TARGETED_DEVICE_FAMILY = 1;
			};
			name = Debug;
		};
		F5687D511B022B640073594C /* Release */ = {
			isa = XCBuildConfiguration;
			buildSettings = {
				ASSETCATALOG_COMPILER_APPICON_NAME = AppIcon;
				CODE_SIGN_IDENTITY = "iPhone Developer";
				"CODE_SIGN_IDENTITY[sdk=iphoneos*]" = "iPhone Developer";
				ENABLE_BITCODE = YES;
				FRAMEWORK_SEARCH_PATHS = (
					"$(inherited)",
					"$(PROJECT_DIR)/DerivedData/UniversalApp/Build/Products/Debug-iphonesimulator",
				);
				GCC_C_LANGUAGE_STANDARD = gnu99;
				GCC_PRECOMPILE_PREFIX_HEADER = NO;
				GCC_PREFIX_HEADER = "UniversalApp/UniversalApp-Prefix.pch";
				HEADER_SEARCH_PATHS = (
					"$(inherited)",
					/Applications/Xcode.app/Contents/Developer/Toolchains/XcodeDefault.xctoolchain/usr/include,
				);
				INFOPLIST_FILE = "$(SRCROOT)/../UFoundation/UFoundation/Info.plist";
				IPHONEOS_DEPLOYMENT_TARGET = 6.0;
				LD_RUNPATH_SEARCH_PATHS = "$(inherited) @executable_path/Frameworks";
				LIBRARY_SEARCH_PATHS = "$(inherited)";
				PRODUCT_BUNDLE_IDENTIFIER = com.powerall.UniversalApp;
				PRODUCT_NAME = "$(TARGET_NAME)";
				PROVISIONING_PROFILE = "";
				TARGETED_DEVICE_FAMILY = 1;
			};
			name = Release;
		};
/* End XCBuildConfiguration section */

/* Begin XCConfigurationList section */
		F5687D271B022B640073594C /* Build configuration list for PBXProject "UniversalApp" */ = {
			isa = XCConfigurationList;
			buildConfigurations = (
				F5687D4D1B022B640073594C /* Debug */,
				F5687D4E1B022B640073594C /* Release */,
			);
			defaultConfigurationIsVisible = 0;
			defaultConfigurationName = Release;
		};
		F5687D4F1B022B640073594C /* Build configuration list for PBXNativeTarget "UniversalApp" */ = {
			isa = XCConfigurationList;
			buildConfigurations = (
				F5687D501B022B640073594C /* Debug */,
				F5687D511B022B640073594C /* Release */,
			);
			defaultConfigurationIsVisible = 0;
			defaultConfigurationName = Release;
		};
/* End XCConfigurationList section */
	};
	rootObject = F5687D241B022B640073594C /* Project object */;
}
