// !$*UTF8*$!
{
	archiveVersion = 1;
	classes = {
	};
	objectVersion = 46;
	objects = {

/* Begin PBXBuildFile section */
		F50E63151B7C6D8000E442E8 /* UNavigationController.m in Sources */ = {isa = PBXBuildFile; fileRef = F50E63141B7C6D8000E442E8 /* UNavigationController.m */; };
		F50ED6071B79A1230027EC82 /* UImagePickerControllerController.h in Headers */ = {isa = PBXBuildFile; fileRef = F50ED6051B79A1230027EC82 /* UImagePickerControllerController.h */; settings = {ATTRIBUTES = (Public, ); }; };
		F50ED6081B79A1230027EC82 /* UImagePickerControllerController.m in Sources */ = {isa = PBXBuildFile; fileRef = F50ED6061B79A1230027EC82 /* UImagePickerControllerController.m */; };
		F510A6B51BB0D82C000968AB /* URefreshView.h in Headers */ = {isa = PBXBuildFile; fileRef = F510A6B31BB0D82C000968AB /* URefreshView.h */; settings = {ATTRIBUTES = (Public, ); }; };
		F510A6B61BB0D82C000968AB /* URefreshView.m in Sources */ = {isa = PBXBuildFile; fileRef = F510A6B41BB0D82C000968AB /* URefreshView.m */; };
		F511C1DA1B6F2A5400DBAECE /* Resource.bundle in Resources */ = {isa = PBXBuildFile; fileRef = F511C1D91B6F2A5400DBAECE /* Resource.bundle */; };
		F5127BC41B7A38DC007952C7 /* UScrollView.h in Headers */ = {isa = PBXBuildFile; fileRef = F5127BC21B7A38DC007952C7 /* UScrollView.h */; settings = {ATTRIBUTES = (Public, ); }; };
		F5127BC51B7A38DC007952C7 /* UScrollView.m in Sources */ = {isa = PBXBuildFile; fileRef = F5127BC31B7A38DC007952C7 /* UScrollView.m */; };
		F51431C61B89AE7800C2372E /* UNavigationBarButton.h in Headers */ = {isa = PBXBuildFile; fileRef = F51431C41B89AE7800C2372E /* UNavigationBarButton.h */; settings = {ATTRIBUTES = (Public, ); }; };
		F51431C71B89AE7800C2372E /* UNavigationbarButton.m in Sources */ = {isa = PBXBuildFile; fileRef = F51431C51B89AE7800C2372E /* UNavigationbarButton.m */; };
		F51431CA1B89AE9300C2372E /* UTabBarButton.h in Headers */ = {isa = PBXBuildFile; fileRef = F51431C81B89AE9300C2372E /* UTabBarButton.h */; settings = {ATTRIBUTES = (Public, ); }; };
		F51431CB1B89AE9300C2372E /* UTabBarButton.m in Sources */ = {isa = PBXBuildFile; fileRef = F51431C91B89AE9300C2372E /* UTabBarButton.m */; };
		F51431CE1B89AFFF00C2372E /* UBarButton.h in Headers */ = {isa = PBXBuildFile; fileRef = F51431CC1B89AFFF00C2372E /* UBarButton.h */; settings = {ATTRIBUTES = (Public, ); }; };
		F51431CF1B89AFFF00C2372E /* UBarButton.m in Sources */ = {isa = PBXBuildFile; fileRef = F51431CD1B89AFFF00C2372E /* UBarButton.m */; };
		F515938B1BAC55440043FFE9 /* UIScrollView+UAExtension.h in Headers */ = {isa = PBXBuildFile; fileRef = F51593891BAC55440043FFE9 /* UIScrollView+UAExtension.h */; settings = {ATTRIBUTES = (Public, ); }; };
		F515938C1BAC55440043FFE9 /* UIScrollView+UAExtension.m in Sources */ = {isa = PBXBuildFile; fileRef = F515938A1BAC55440043FFE9 /* UIScrollView+UAExtension.m */; };
		F51C11CF1B90630300F29C3F /* NSArray+UAExtension.h in Headers */ = {isa = PBXBuildFile; fileRef = F51C11991B90630300F29C3F /* NSArray+UAExtension.h */; settings = {ATTRIBUTES = (Public, ); }; };
		F51C11D01B90630300F29C3F /* NSArray+UAExtension.m in Sources */ = {isa = PBXBuildFile; fileRef = F51C119A1B90630300F29C3F /* NSArray+UAExtension.m */; };
		F51C11D11B90630300F29C3F /* NSData+UAExtension.h in Headers */ = {isa = PBXBuildFile; fileRef = F51C119B1B90630300F29C3F /* NSData+UAExtension.h */; settings = {ATTRIBUTES = (Public, ); }; };
		F51C11D21B90630300F29C3F /* NSData+UAExtension.m in Sources */ = {isa = PBXBuildFile; fileRef = F51C119C1B90630300F29C3F /* NSData+UAExtension.m */; };
		F51C11D31B90630300F29C3F /* NSDate+UAExtension.h in Headers */ = {isa = PBXBuildFile; fileRef = F51C119D1B90630300F29C3F /* NSDate+UAExtension.h */; settings = {ATTRIBUTES = (Public, ); }; };
		F51C11D41B90630300F29C3F /* NSDate+UAExtension.m in Sources */ = {isa = PBXBuildFile; fileRef = F51C119E1B90630300F29C3F /* NSDate+UAExtension.m */; };
		F51C11D51B90630300F29C3F /* NSDictionary+UAExtension.h in Headers */ = {isa = PBXBuildFile; fileRef = F51C119F1B90630300F29C3F /* NSDictionary+UAExtension.h */; settings = {ATTRIBUTES = (Public, ); }; };
		F51C11D61B90630300F29C3F /* NSDictionary+UAExtension.m in Sources */ = {isa = PBXBuildFile; fileRef = F51C11A01B90630300F29C3F /* NSDictionary+UAExtension.m */; };
		F51C11D71B90630300F29C3F /* NSObject+UAExtension.h in Headers */ = {isa = PBXBuildFile; fileRef = F51C11A11B90630300F29C3F /* NSObject+UAExtension.h */; settings = {ATTRIBUTES = (Public, ); }; };
		F51C11D81B90630300F29C3F /* NSObject+UAExtension.m in Sources */ = {isa = PBXBuildFile; fileRef = F51C11A21B90630300F29C3F /* NSObject+UAExtension.m */; };
		F51C11D91B90630300F29C3F /* NSString+UAExtension.h in Headers */ = {isa = PBXBuildFile; fileRef = F51C11A31B90630300F29C3F /* NSString+UAExtension.h */; settings = {ATTRIBUTES = (Public, ); }; };
		F51C11DA1B90630300F29C3F /* NSString+UAExtension.m in Sources */ = {isa = PBXBuildFile; fileRef = F51C11A41B90630300F29C3F /* NSString+UAExtension.m */; };
		F51C11DB1B90630300F29C3F /* UIButton+UAExtension.h in Headers */ = {isa = PBXBuildFile; fileRef = F51C11A51B90630300F29C3F /* UIButton+UAExtension.h */; settings = {ATTRIBUTES = (Public, ); }; };
		F51C11DC1B90630300F29C3F /* UIButton+UAExtension.m in Sources */ = {isa = PBXBuildFile; fileRef = F51C11A61B90630300F29C3F /* UIButton+UAExtension.m */; };
		F51C11DD1B90630300F29C3F /* UIColor+UAExtension.h in Headers */ = {isa = PBXBuildFile; fileRef = F51C11A71B90630300F29C3F /* UIColor+UAExtension.h */; settings = {ATTRIBUTES = (Public, ); }; };
		F51C11DE1B90630300F29C3F /* UIColor+UAExtension.m in Sources */ = {isa = PBXBuildFile; fileRef = F51C11A81B90630300F29C3F /* UIColor+UAExtension.m */; };
		F51C11DF1B90630300F29C3F /* UIImage+UAExtension.h in Headers */ = {isa = PBXBuildFile; fileRef = F51C11A91B90630300F29C3F /* UIImage+UAExtension.h */; settings = {ATTRIBUTES = (Public, ); }; };
		F51C11E01B90630300F29C3F /* UIImage+UAExtension.m in Sources */ = {isa = PBXBuildFile; fileRef = F51C11AA1B90630300F29C3F /* UIImage+UAExtension.m */; };
		F51C11E11B90630300F29C3F /* UILabel+UAExtension.h in Headers */ = {isa = PBXBuildFile; fileRef = F51C11AB1B90630300F29C3F /* UILabel+UAExtension.h */; settings = {ATTRIBUTES = (Public, ); }; };
		F51C11E21B90630300F29C3F /* UILabel+UAExtension.m in Sources */ = {isa = PBXBuildFile; fileRef = F51C11AC1B90630300F29C3F /* UILabel+UAExtension.m */; };
		F51C11E31B90630300F29C3F /* UITableView+UAExtension.h in Headers */ = {isa = PBXBuildFile; fileRef = F51C11AD1B90630300F29C3F /* UITableView+UAExtension.h */; settings = {ATTRIBUTES = (Public, ); }; };
		F51C11E41B90630300F29C3F /* UITableView+UAExtension.m in Sources */ = {isa = PBXBuildFile; fileRef = F51C11AE1B90630300F29C3F /* UITableView+UAExtension.m */; };
		F51C11E51B90630300F29C3F /* UITableViewCell+UAExtension.h in Headers */ = {isa = PBXBuildFile; fileRef = F51C11AF1B90630300F29C3F /* UITableViewCell+UAExtension.h */; settings = {ATTRIBUTES = (Public, ); }; };
		F51C11E61B90630300F29C3F /* UITableViewCell+UAExtension.m in Sources */ = {isa = PBXBuildFile; fileRef = F51C11B01B90630300F29C3F /* UITableViewCell+UAExtension.m */; };
		F51C11E71B90630300F29C3F /* UITextField+UAExtension.h in Headers */ = {isa = PBXBuildFile; fileRef = F51C11B11B90630300F29C3F /* UITextField+UAExtension.h */; settings = {ATTRIBUTES = (Public, ); }; };
		F51C11E81B90630300F29C3F /* UITextField+UAExtension.m in Sources */ = {isa = PBXBuildFile; fileRef = F51C11B21B90630300F29C3F /* UITextField+UAExtension.m */; };
		F51C11E91B90630300F29C3F /* UITextView+UAExtension.h in Headers */ = {isa = PBXBuildFile; fileRef = F51C11B31B90630300F29C3F /* UITextView+UAExtension.h */; settings = {ATTRIBUTES = (Public, ); }; };
		F51C11EA1B90630300F29C3F /* UITextView+UAExtension.m in Sources */ = {isa = PBXBuildFile; fileRef = F51C11B41B90630300F29C3F /* UITextView+UAExtension.m */; };
		F51C11EB1B90630300F29C3F /* UIView+UAExtension.h in Headers */ = {isa = PBXBuildFile; fileRef = F51C11B51B90630300F29C3F /* UIView+UAExtension.h */; settings = {ATTRIBUTES = (Public, ); }; };
		F51C11EC1B90630300F29C3F /* UIView+UAExtension.m in Sources */ = {isa = PBXBuildFile; fileRef = F51C11B61B90630300F29C3F /* UIView+UAExtension.m */; };
		F51C11ED1B90630300F29C3F /* UIViewController+UAExtension.h in Headers */ = {isa = PBXBuildFile; fileRef = F51C11B71B90630300F29C3F /* UIViewController+UAExtension.h */; settings = {ATTRIBUTES = (Public, ); }; };
		F51C11EE1B90630300F29C3F /* UIViewController+UAExtension.m in Sources */ = {isa = PBXBuildFile; fileRef = F51C11B81B90630300F29C3F /* UIViewController+UAExtension.m */; };
		F51C11EF1B90630300F29C3F /* UHTTPOperation.h in Headers */ = {isa = PBXBuildFile; fileRef = F51C11BB1B90630300F29C3F /* UHTTPOperation.h */; settings = {ATTRIBUTES = (Public, ); }; };
		F51C11F01B90630300F29C3F /* UHTTPOperation.m in Sources */ = {isa = PBXBuildFile; fileRef = F51C11BC1B90630300F29C3F /* UHTTPOperation.m */; };
		F51C11F11B90630300F29C3F /* UHTTPRequest.h in Headers */ = {isa = PBXBuildFile; fileRef = F51C11BE1B90630300F29C3F /* UHTTPRequest.h */; settings = {ATTRIBUTES = (Public, ); }; };
		F51C11F21B90630300F29C3F /* UHTTPRequest.m in Sources */ = {isa = PBXBuildFile; fileRef = F51C11BF1B90630300F29C3F /* UHTTPRequest.m */; };
		F51C11F31B90630300F29C3F /* UModel.h in Headers */ = {isa = PBXBuildFile; fileRef = F51C11C11B90630300F29C3F /* UModel.h */; settings = {ATTRIBUTES = (Public, ); }; };
		F51C11F41B90630300F29C3F /* UModel.m in Sources */ = {isa = PBXBuildFile; fileRef = F51C11C21B90630300F29C3F /* UModel.m */; };
		F51C11F51B90630300F29C3F /* UOperationQueue.h in Headers */ = {isa = PBXBuildFile; fileRef = F51C11C41B90630300F29C3F /* UOperationQueue.h */; settings = {ATTRIBUTES = (Public, ); }; };
		F51C11F61B90630300F29C3F /* UOperationQueue.m in Sources */ = {isa = PBXBuildFile; fileRef = F51C11C51B90630300F29C3F /* UOperationQueue.m */; };
		F51C11F71B90630300F29C3F /* UProgressHUD.h in Headers */ = {isa = PBXBuildFile; fileRef = F51C11C71B90630300F29C3F /* UProgressHUD.h */; settings = {ATTRIBUTES = (Public, ); }; };
		F51C11F81B90630300F29C3F /* UProgressHUD.m in Sources */ = {isa = PBXBuildFile; fileRef = F51C11C81B90630300F29C3F /* UProgressHUD.m */; };
		F51C11F91B90630300F29C3F /* UThreadPool.h in Headers */ = {isa = PBXBuildFile; fileRef = F51C11CA1B90630300F29C3F /* UThreadPool.h */; settings = {ATTRIBUTES = (Public, ); }; };
		F51C11FA1B90630300F29C3F /* UThreadPool.m in Sources */ = {isa = PBXBuildFile; fileRef = F51C11CB1B90630300F29C3F /* UThreadPool.m */; };
		F51C11FB1B90630300F29C3F /* UTimerBooster.h in Headers */ = {isa = PBXBuildFile; fileRef = F51C11CD1B90630300F29C3F /* UTimerBooster.h */; settings = {ATTRIBUTES = (Public, ); }; };
		F51C11FC1B90630300F29C3F /* UTimerBooster.m in Sources */ = {isa = PBXBuildFile; fileRef = F51C11CE1B90630300F29C3F /* UTimerBooster.m */; };
		F51C11FF1B90633900F29C3F /* UIImageView+UAExtension.h in Headers */ = {isa = PBXBuildFile; fileRef = F51C11FD1B90633900F29C3F /* UIImageView+UAExtension.h */; settings = {ATTRIBUTES = (Public, ); }; };
		F51C12001B90633900F29C3F /* UIImageView+UAExtension.m in Sources */ = {isa = PBXBuildFile; fileRef = F51C11FE1B90633900F29C3F /* UIImageView+UAExtension.m */; };
		F52AD2BA1BB2AA630074DBA1 /* UIndicatorView.h in Headers */ = {isa = PBXBuildFile; fileRef = F52AD2B81BB2AA630074DBA1 /* UIndicatorView.h */; settings = {ATTRIBUTES = (Public, ); }; };
		F52AD2BB1BB2AA630074DBA1 /* UIndicatorView.m in Sources */ = {isa = PBXBuildFile; fileRef = F52AD2B91BB2AA630074DBA1 /* UIndicatorView.m */; };
		F5687D681B022E6B0073594C /* UFoundation.h in Headers */ = {isa = PBXBuildFile; fileRef = F5974D011B02051F004AA14F /* UFoundation.h */; settings = {ATTRIBUTES = (Public, ); }; };
		F5687D691B022E6B0073594C /* UDefines.h in Headers */ = {isa = PBXBuildFile; fileRef = F5974D021B02057F004AA14F /* UDefines.h */; settings = {ATTRIBUTES = (Public, ); }; };
		F56C2CB51B04449400D5DF66 /* UNavigationController.h in Headers */ = {isa = PBXBuildFile; fileRef = F56C2CAF1B04449400D5DF66 /* UNavigationController.h */; settings = {ATTRIBUTES = (Public, ); }; };
		F56C2CB71B04449400D5DF66 /* UTabBarController.h in Headers */ = {isa = PBXBuildFile; fileRef = F56C2CB11B04449400D5DF66 /* UTabBarController.h */; settings = {ATTRIBUTES = (Public, ); }; };
		F56C2CB81B04449400D5DF66 /* UTabBarController.m in Sources */ = {isa = PBXBuildFile; fileRef = F56C2CB21B04449400D5DF66 /* UTabBarController.m */; };
		F56C2CB91B04449400D5DF66 /* UViewController.h in Headers */ = {isa = PBXBuildFile; fileRef = F56C2CB31B04449400D5DF66 /* UViewController.h */; settings = {ATTRIBUTES = (Public, ); }; };
		F56C2CBA1B04449400D5DF66 /* UViewController.m in Sources */ = {isa = PBXBuildFile; fileRef = F56C2CB41B04449400D5DF66 /* UViewController.m */; };
		F56C2CD31B0444D300D5DF66 /* UButton.h in Headers */ = {isa = PBXBuildFile; fileRef = F56C2CBB1B0444D300D5DF66 /* UButton.h */; settings = {ATTRIBUTES = (Public, ); }; };
		F56C2CD41B0444D300D5DF66 /* UButton.m in Sources */ = {isa = PBXBuildFile; fileRef = F56C2CBC1B0444D300D5DF66 /* UButton.m */; };
		F56C2CD51B0444D300D5DF66 /* UImageView.h in Headers */ = {isa = PBXBuildFile; fileRef = F56C2CBD1B0444D300D5DF66 /* UImageView.h */; settings = {ATTRIBUTES = (Public, ); }; };
		F56C2CD61B0444D300D5DF66 /* UImageView.m in Sources */ = {isa = PBXBuildFile; fileRef = F56C2CBE1B0444D300D5DF66 /* UImageView.m */; };
		F56C2CD71B0444D300D5DF66 /* ULabel.h in Headers */ = {isa = PBXBuildFile; fileRef = F56C2CBF1B0444D300D5DF66 /* ULabel.h */; settings = {ATTRIBUTES = (Public, ); }; };
		F56C2CD81B0444D300D5DF66 /* ULabel.m in Sources */ = {isa = PBXBuildFile; fileRef = F56C2CC01B0444D300D5DF66 /* ULabel.m */; };
		F56C2CD91B0444D300D5DF66 /* UNavigationBarView.h in Headers */ = {isa = PBXBuildFile; fileRef = F56C2CC11B0444D300D5DF66 /* UNavigationBarView.h */; settings = {ATTRIBUTES = (Public, ); }; };
		F56C2CDA1B0444D300D5DF66 /* UNavigationBarView.m in Sources */ = {isa = PBXBuildFile; fileRef = F56C2CC21B0444D300D5DF66 /* UNavigationBarView.m */; };
		F56C2CDB1B0444D300D5DF66 /* UStatusBarView.h in Headers */ = {isa = PBXBuildFile; fileRef = F56C2CC31B0444D300D5DF66 /* UStatusBarView.h */; settings = {ATTRIBUTES = (Public, ); }; };
		F56C2CDC1B0444D300D5DF66 /* UStatusBarView.m in Sources */ = {isa = PBXBuildFile; fileRef = F56C2CC41B0444D300D5DF66 /* UStatusBarView.m */; };
		F56C2CDD1B0444D300D5DF66 /* UTabBarView.h in Headers */ = {isa = PBXBuildFile; fileRef = F56C2CC51B0444D300D5DF66 /* UTabBarView.h */; settings = {ATTRIBUTES = (Public, ); }; };
		F56C2CDE1B0444D300D5DF66 /* UTabBarView.m in Sources */ = {isa = PBXBuildFile; fileRef = F56C2CC61B0444D300D5DF66 /* UTabBarView.m */; };
		F56C2CDF1B0444D300D5DF66 /* UTableView.h in Headers */ = {isa = PBXBuildFile; fileRef = F56C2CC71B0444D300D5DF66 /* UTableView.h */; settings = {ATTRIBUTES = (Public, ); }; };
		F56C2CE01B0444D300D5DF66 /* UTableView.m in Sources */ = {isa = PBXBuildFile; fileRef = F56C2CC81B0444D300D5DF66 /* UTableView.m */; };
		F56C2CE11B0444D300D5DF66 /* UTableViewCell.h in Headers */ = {isa = PBXBuildFile; fileRef = F56C2CC91B0444D300D5DF66 /* UTableViewCell.h */; settings = {ATTRIBUTES = (Public, ); }; };
		F56C2CE21B0444D300D5DF66 /* UTableViewCell.m in Sources */ = {isa = PBXBuildFile; fileRef = F56C2CCA1B0444D300D5DF66 /* UTableViewCell.m */; };
		F56C2CE31B0444D300D5DF66 /* UTextField.h in Headers */ = {isa = PBXBuildFile; fileRef = F56C2CCB1B0444D300D5DF66 /* UTextField.h */; settings = {ATTRIBUTES = (Public, ); }; };
		F56C2CE41B0444D300D5DF66 /* UTextField.m in Sources */ = {isa = PBXBuildFile; fileRef = F56C2CCC1B0444D300D5DF66 /* UTextField.m */; };
		F56C2CE51B0444D300D5DF66 /* UTextView.h in Headers */ = {isa = PBXBuildFile; fileRef = F56C2CCD1B0444D300D5DF66 /* UTextView.h */; settings = {ATTRIBUTES = (Public, ); }; };
		F56C2CE61B0444D300D5DF66 /* UTextView.m in Sources */ = {isa = PBXBuildFile; fileRef = F56C2CCE1B0444D300D5DF66 /* UTextView.m */; };
		F56C2CE71B0444D300D5DF66 /* UView.h in Headers */ = {isa = PBXBuildFile; fileRef = F56C2CCF1B0444D300D5DF66 /* UView.h */; settings = {ATTRIBUTES = (Public, ); }; };
		F56C2CE81B0444D300D5DF66 /* UView.m in Sources */ = {isa = PBXBuildFile; fileRef = F56C2CD01B0444D300D5DF66 /* UView.m */; };
		F56C2CE91B0444D300D5DF66 /* UWebView.h in Headers */ = {isa = PBXBuildFile; fileRef = F56C2CD11B0444D300D5DF66 /* UWebView.h */; settings = {ATTRIBUTES = (Public, ); }; };
		F56C2CEA1B0444D300D5DF66 /* UWebView.m in Sources */ = {isa = PBXBuildFile; fileRef = F56C2CD21B0444D300D5DF66 /* UWebView.m */; };
		F57848DE1BAD587B00E7121B /* UTableViewController.h in Headers */ = {isa = PBXBuildFile; fileRef = F57848DC1BAD587B00E7121B /* UTableViewController.h */; settings = {ATTRIBUTES = (Public, ); }; };
		F57848DF1BAD587B00E7121B /* UTableViewController.m in Sources */ = {isa = PBXBuildFile; fileRef = F57848DD1BAD587B00E7121B /* UTableViewController.m */; };
/* End PBXBuildFile section */

/* Begin PBXFileReference section */
		F50E63141B7C6D8000E442E8 /* UNavigationController.m */ = {isa = PBXFileReference; fileEncoding = 4; lastKnownFileType = sourcecode.c.objc; name = UNavigationController.m; path = UIFoundation/UNavigationController.m; sourceTree = "<group>"; };
		F50ED6051B79A1230027EC82 /* UImagePickerControllerController.h */ = {isa = PBXFileReference; fileEncoding = 4; lastKnownFileType = sourcecode.c.h; name = UImagePickerControllerController.h; path = UIFoundation/UImagePickerControllerController.h; sourceTree = "<group>"; };
		F50ED6061B79A1230027EC82 /* UImagePickerControllerController.m */ = {isa = PBXFileReference; fileEncoding = 4; lastKnownFileType = sourcecode.c.objc; name = UImagePickerControllerController.m; path = UIFoundation/UImagePickerControllerController.m; sourceTree = "<group>"; };
		F510A6B31BB0D82C000968AB /* URefreshView.h */ = {isa = PBXFileReference; fileEncoding = 4; lastKnownFileType = sourcecode.c.h; path = URefreshView.h; sourceTree = "<group>"; };
		F510A6B41BB0D82C000968AB /* URefreshView.m */ = {isa = PBXFileReference; fileEncoding = 4; lastKnownFileType = sourcecode.c.objc; path = URefreshView.m; sourceTree = "<group>"; };
		F511C1D91B6F2A5400DBAECE /* Resource.bundle */ = {isa = PBXFileReference; lastKnownFileType = "wrapper.plug-in"; path = Resource.bundle; sourceTree = "<group>"; };
		F5127BC21B7A38DC007952C7 /* UScrollView.h */ = {isa = PBXFileReference; fileEncoding = 4; lastKnownFileType = sourcecode.c.h; name = UScrollView.h; path = UIFoundation/UScrollView.h; sourceTree = "<group>"; };
		F5127BC31B7A38DC007952C7 /* UScrollView.m */ = {isa = PBXFileReference; fileEncoding = 4; lastKnownFileType = sourcecode.c.objc; name = UScrollView.m; path = UIFoundation/UScrollView.m; sourceTree = "<group>"; };
		F51431C41B89AE7800C2372E /* UNavigationBarButton.h */ = {isa = PBXFileReference; fileEncoding = 4; lastKnownFileType = sourcecode.c.h; name = UNavigationBarButton.h; path = UIFoundation/UNavigationBarButton.h; sourceTree = "<group>"; };
		F51431C51B89AE7800C2372E /* UNavigationbarButton.m */ = {isa = PBXFileReference; fileEncoding = 4; lastKnownFileType = sourcecode.c.objc; name = UNavigationbarButton.m; path = UIFoundation/UNavigationbarButton.m; sourceTree = "<group>"; };
		F51431C81B89AE9300C2372E /* UTabBarButton.h */ = {isa = PBXFileReference; fileEncoding = 4; lastKnownFileType = sourcecode.c.h; name = UTabBarButton.h; path = UIFoundation/UTabBarButton.h; sourceTree = "<group>"; };
		F51431C91B89AE9300C2372E /* UTabBarButton.m */ = {isa = PBXFileReference; fileEncoding = 4; lastKnownFileType = sourcecode.c.objc; name = UTabBarButton.m; path = UIFoundation/UTabBarButton.m; sourceTree = "<group>"; };
		F51431CC1B89AFFF00C2372E /* UBarButton.h */ = {isa = PBXFileReference; fileEncoding = 4; lastKnownFileType = sourcecode.c.h; name = UBarButton.h; path = UIFoundation/UBarButton.h; sourceTree = "<group>"; };
		F51431CD1B89AFFF00C2372E /* UBarButton.m */ = {isa = PBXFileReference; fileEncoding = 4; lastKnownFileType = sourcecode.c.objc; name = UBarButton.m; path = UIFoundation/UBarButton.m; sourceTree = "<group>"; };
		F51593891BAC55440043FFE9 /* UIScrollView+UAExtension.h */ = {isa = PBXFileReference; fileEncoding = 4; lastKnownFileType = sourcecode.c.h; path = "UIScrollView+UAExtension.h"; sourceTree = "<group>"; };
		F515938A1BAC55440043FFE9 /* UIScrollView+UAExtension.m */ = {isa = PBXFileReference; fileEncoding = 4; lastKnownFileType = sourcecode.c.objc; path = "UIScrollView+UAExtension.m"; sourceTree = "<group>"; };
		F51C114D1B90567900F29C3F /* Accelerate.framework */ = {isa = PBXFileReference; lastKnownFileType = wrapper.framework; name = Accelerate.framework; path = System/Library/Frameworks/Accelerate.framework; sourceTree = SDKROOT; };
		F51C11991B90630300F29C3F /* NSArray+UAExtension.h */ = {isa = PBXFileReference; fileEncoding = 4; lastKnownFileType = sourcecode.c.h; path = "NSArray+UAExtension.h"; sourceTree = "<group>"; };
		F51C119A1B90630300F29C3F /* NSArray+UAExtension.m */ = {isa = PBXFileReference; fileEncoding = 4; lastKnownFileType = sourcecode.c.objc; path = "NSArray+UAExtension.m"; sourceTree = "<group>"; };
		F51C119B1B90630300F29C3F /* NSData+UAExtension.h */ = {isa = PBXFileReference; fileEncoding = 4; lastKnownFileType = sourcecode.c.h; path = "NSData+UAExtension.h"; sourceTree = "<group>"; };
		F51C119C1B90630300F29C3F /* NSData+UAExtension.m */ = {isa = PBXFileReference; fileEncoding = 4; lastKnownFileType = sourcecode.c.objc; path = "NSData+UAExtension.m"; sourceTree = "<group>"; };
		F51C119D1B90630300F29C3F /* NSDate+UAExtension.h */ = {isa = PBXFileReference; fileEncoding = 4; lastKnownFileType = sourcecode.c.h; path = "NSDate+UAExtension.h"; sourceTree = "<group>"; };
		F51C119E1B90630300F29C3F /* NSDate+UAExtension.m */ = {isa = PBXFileReference; fileEncoding = 4; lastKnownFileType = sourcecode.c.objc; path = "NSDate+UAExtension.m"; sourceTree = "<group>"; };
		F51C119F1B90630300F29C3F /* NSDictionary+UAExtension.h */ = {isa = PBXFileReference; fileEncoding = 4; lastKnownFileType = sourcecode.c.h; path = "NSDictionary+UAExtension.h"; sourceTree = "<group>"; };
		F51C11A01B90630300F29C3F /* NSDictionary+UAExtension.m */ = {isa = PBXFileReference; fileEncoding = 4; lastKnownFileType = sourcecode.c.objc; path = "NSDictionary+UAExtension.m"; sourceTree = "<group>"; };
		F51C11A11B90630300F29C3F /* NSObject+UAExtension.h */ = {isa = PBXFileReference; fileEncoding = 4; lastKnownFileType = sourcecode.c.h; path = "NSObject+UAExtension.h"; sourceTree = "<group>"; };
		F51C11A21B90630300F29C3F /* NSObject+UAExtension.m */ = {isa = PBXFileReference; fileEncoding = 4; lastKnownFileType = sourcecode.c.objc; path = "NSObject+UAExtension.m"; sourceTree = "<group>"; };
		F51C11A31B90630300F29C3F /* NSString+UAExtension.h */ = {isa = PBXFileReference; fileEncoding = 4; lastKnownFileType = sourcecode.c.h; path = "NSString+UAExtension.h"; sourceTree = "<group>"; };
		F51C11A41B90630300F29C3F /* NSString+UAExtension.m */ = {isa = PBXFileReference; fileEncoding = 4; lastKnownFileType = sourcecode.c.objc; path = "NSString+UAExtension.m"; sourceTree = "<group>"; };
		F51C11A51B90630300F29C3F /* UIButton+UAExtension.h */ = {isa = PBXFileReference; fileEncoding = 4; lastKnownFileType = sourcecode.c.h; path = "UIButton+UAExtension.h"; sourceTree = "<group>"; };
		F51C11A61B90630300F29C3F /* UIButton+UAExtension.m */ = {isa = PBXFileReference; fileEncoding = 4; lastKnownFileType = sourcecode.c.objc; path = "UIButton+UAExtension.m"; sourceTree = "<group>"; };
		F51C11A71B90630300F29C3F /* UIColor+UAExtension.h */ = {isa = PBXFileReference; fileEncoding = 4; lastKnownFileType = sourcecode.c.h; path = "UIColor+UAExtension.h"; sourceTree = "<group>"; };
		F51C11A81B90630300F29C3F /* UIColor+UAExtension.m */ = {isa = PBXFileReference; fileEncoding = 4; lastKnownFileType = sourcecode.c.objc; path = "UIColor+UAExtension.m"; sourceTree = "<group>"; };
		F51C11A91B90630300F29C3F /* UIImage+UAExtension.h */ = {isa = PBXFileReference; fileEncoding = 4; lastKnownFileType = sourcecode.c.h; path = "UIImage+UAExtension.h"; sourceTree = "<group>"; };
		F51C11AA1B90630300F29C3F /* UIImage+UAExtension.m */ = {isa = PBXFileReference; fileEncoding = 4; lastKnownFileType = sourcecode.c.objc; path = "UIImage+UAExtension.m"; sourceTree = "<group>"; };
		F51C11AB1B90630300F29C3F /* UILabel+UAExtension.h */ = {isa = PBXFileReference; fileEncoding = 4; lastKnownFileType = sourcecode.c.h; path = "UILabel+UAExtension.h"; sourceTree = "<group>"; };
		F51C11AC1B90630300F29C3F /* UILabel+UAExtension.m */ = {isa = PBXFileReference; fileEncoding = 4; lastKnownFileType = sourcecode.c.objc; path = "UILabel+UAExtension.m"; sourceTree = "<group>"; };
		F51C11AD1B90630300F29C3F /* UITableView+UAExtension.h */ = {isa = PBXFileReference; fileEncoding = 4; lastKnownFileType = sourcecode.c.h; path = "UITableView+UAExtension.h"; sourceTree = "<group>"; };
		F51C11AE1B90630300F29C3F /* UITableView+UAExtension.m */ = {isa = PBXFileReference; fileEncoding = 4; lastKnownFileType = sourcecode.c.objc; path = "UITableView+UAExtension.m"; sourceTree = "<group>"; };
		F51C11AF1B90630300F29C3F /* UITableViewCell+UAExtension.h */ = {isa = PBXFileReference; fileEncoding = 4; lastKnownFileType = sourcecode.c.h; path = "UITableViewCell+UAExtension.h"; sourceTree = "<group>"; };
		F51C11B01B90630300F29C3F /* UITableViewCell+UAExtension.m */ = {isa = PBXFileReference; fileEncoding = 4; lastKnownFileType = sourcecode.c.objc; path = "UITableViewCell+UAExtension.m"; sourceTree = "<group>"; };
		F51C11B11B90630300F29C3F /* UITextField+UAExtension.h */ = {isa = PBXFileReference; fileEncoding = 4; lastKnownFileType = sourcecode.c.h; path = "UITextField+UAExtension.h"; sourceTree = "<group>"; };
		F51C11B21B90630300F29C3F /* UITextField+UAExtension.m */ = {isa = PBXFileReference; fileEncoding = 4; lastKnownFileType = sourcecode.c.objc; path = "UITextField+UAExtension.m"; sourceTree = "<group>"; };
		F51C11B31B90630300F29C3F /* UITextView+UAExtension.h */ = {isa = PBXFileReference; fileEncoding = 4; lastKnownFileType = sourcecode.c.h; path = "UITextView+UAExtension.h"; sourceTree = "<group>"; };
		F51C11B41B90630300F29C3F /* UITextView+UAExtension.m */ = {isa = PBXFileReference; fileEncoding = 4; lastKnownFileType = sourcecode.c.objc; path = "UITextView+UAExtension.m"; sourceTree = "<group>"; };
		F51C11B51B90630300F29C3F /* UIView+UAExtension.h */ = {isa = PBXFileReference; fileEncoding = 4; lastKnownFileType = sourcecode.c.h; path = "UIView+UAExtension.h"; sourceTree = "<group>"; };
		F51C11B61B90630300F29C3F /* UIView+UAExtension.m */ = {isa = PBXFileReference; fileEncoding = 4; lastKnownFileType = sourcecode.c.objc; path = "UIView+UAExtension.m"; sourceTree = "<group>"; };
		F51C11B71B90630300F29C3F /* UIViewController+UAExtension.h */ = {isa = PBXFileReference; fileEncoding = 4; lastKnownFileType = sourcecode.c.h; path = "UIViewController+UAExtension.h"; sourceTree = "<group>"; };
		F51C11B81B90630300F29C3F /* UIViewController+UAExtension.m */ = {isa = PBXFileReference; fileEncoding = 4; lastKnownFileType = sourcecode.c.objc; path = "UIViewController+UAExtension.m"; sourceTree = "<group>"; };
		F51C11BB1B90630300F29C3F /* UHTTPOperation.h */ = {isa = PBXFileReference; fileEncoding = 4; lastKnownFileType = sourcecode.c.h; path = UHTTPOperation.h; sourceTree = "<group>"; };
		F51C11BC1B90630300F29C3F /* UHTTPOperation.m */ = {isa = PBXFileReference; fileEncoding = 4; lastKnownFileType = sourcecode.c.objc; path = UHTTPOperation.m; sourceTree = "<group>"; };
		F51C11BE1B90630300F29C3F /* UHTTPRequest.h */ = {isa = PBXFileReference; fileEncoding = 4; lastKnownFileType = sourcecode.c.h; path = UHTTPRequest.h; sourceTree = "<group>"; };
		F51C11BF1B90630300F29C3F /* UHTTPRequest.m */ = {isa = PBXFileReference; fileEncoding = 4; lastKnownFileType = sourcecode.c.objc; path = UHTTPRequest.m; sourceTree = "<group>"; };
		F51C11C11B90630300F29C3F /* UModel.h */ = {isa = PBXFileReference; fileEncoding = 4; lastKnownFileType = sourcecode.c.h; path = UModel.h; sourceTree = "<group>"; };
		F51C11C21B90630300F29C3F /* UModel.m */ = {isa = PBXFileReference; fileEncoding = 4; lastKnownFileType = sourcecode.c.objc; path = UModel.m; sourceTree = "<group>"; };
		F51C11C41B90630300F29C3F /* UOperationQueue.h */ = {isa = PBXFileReference; fileEncoding = 4; lastKnownFileType = sourcecode.c.h; path = UOperationQueue.h; sourceTree = "<group>"; };
		F51C11C51B90630300F29C3F /* UOperationQueue.m */ = {isa = PBXFileReference; fileEncoding = 4; lastKnownFileType = sourcecode.c.objc; path = UOperationQueue.m; sourceTree = "<group>"; };
		F51C11C71B90630300F29C3F /* UProgressHUD.h */ = {isa = PBXFileReference; fileEncoding = 4; lastKnownFileType = sourcecode.c.h; path = UProgressHUD.h; sourceTree = "<group>"; };
		F51C11C81B90630300F29C3F /* UProgressHUD.m */ = {isa = PBXFileReference; fileEncoding = 4; lastKnownFileType = sourcecode.c.objc; path = UProgressHUD.m; sourceTree = "<group>"; };
		F51C11CA1B90630300F29C3F /* UThreadPool.h */ = {isa = PBXFileReference; fileEncoding = 4; lastKnownFileType = sourcecode.c.h; path = UThreadPool.h; sourceTree = "<group>"; };
		F51C11CB1B90630300F29C3F /* UThreadPool.m */ = {isa = PBXFileReference; fileEncoding = 4; lastKnownFileType = sourcecode.c.objc; path = UThreadPool.m; sourceTree = "<group>"; };
		F51C11CD1B90630300F29C3F /* UTimerBooster.h */ = {isa = PBXFileReference; fileEncoding = 4; lastKnownFileType = sourcecode.c.h; path = UTimerBooster.h; sourceTree = "<group>"; };
		F51C11CE1B90630300F29C3F /* UTimerBooster.m */ = {isa = PBXFileReference; fileEncoding = 4; lastKnownFileType = sourcecode.c.objc; path = UTimerBooster.m; sourceTree = "<group>"; };
		F51C11FD1B90633900F29C3F /* UIImageView+UAExtension.h */ = {isa = PBXFileReference; fileEncoding = 4; lastKnownFileType = sourcecode.c.h; path = "UIImageView+UAExtension.h"; sourceTree = "<group>"; };
		F51C11FE1B90633900F29C3F /* UIImageView+UAExtension.m */ = {isa = PBXFileReference; fileEncoding = 4; lastKnownFileType = sourcecode.c.objc; path = "UIImageView+UAExtension.m"; sourceTree = "<group>"; };
		F52AD2B81BB2AA630074DBA1 /* UIndicatorView.h */ = {isa = PBXFileReference; fileEncoding = 4; lastKnownFileType = sourcecode.c.h; name = UIndicatorView.h; path = UIFoundation/UIndicatorView.h; sourceTree = "<group>"; };
		F52AD2B91BB2AA630074DBA1 /* UIndicatorView.m */ = {isa = PBXFileReference; fileEncoding = 4; lastKnownFileType = sourcecode.c.objc; name = UIndicatorView.m; path = UIFoundation/UIndicatorView.m; sourceTree = "<group>"; };
		F56C2CAF1B04449400D5DF66 /* UNavigationController.h */ = {isa = PBXFileReference; fileEncoding = 4; lastKnownFileType = sourcecode.c.h; name = UNavigationController.h; path = UIFoundation/UNavigationController.h; sourceTree = "<group>"; };
		F56C2CB11B04449400D5DF66 /* UTabBarController.h */ = {isa = PBXFileReference; fileEncoding = 4; lastKnownFileType = sourcecode.c.h; name = UTabBarController.h; path = UIFoundation/UTabBarController.h; sourceTree = "<group>"; };
		F56C2CB21B04449400D5DF66 /* UTabBarController.m */ = {isa = PBXFileReference; fileEncoding = 4; lastKnownFileType = sourcecode.c.objc; name = UTabBarController.m; path = UIFoundation/UTabBarController.m; sourceTree = "<group>"; };
		F56C2CB31B04449400D5DF66 /* UViewController.h */ = {isa = PBXFileReference; fileEncoding = 4; lastKnownFileType = sourcecode.c.h; name = UViewController.h; path = UIFoundation/UViewController.h; sourceTree = "<group>"; };
		F56C2CB41B04449400D5DF66 /* UViewController.m */ = {isa = PBXFileReference; fileEncoding = 4; lastKnownFileType = sourcecode.c.objc; name = UViewController.m; path = UIFoundation/UViewController.m; sourceTree = "<group>"; };
		F56C2CBB1B0444D300D5DF66 /* UButton.h */ = {isa = PBXFileReference; fileEncoding = 4; lastKnownFileType = sourcecode.c.h; name = UButton.h; path = UIFoundation/UButton.h; sourceTree = "<group>"; };
		F56C2CBC1B0444D300D5DF66 /* UButton.m */ = {isa = PBXFileReference; fileEncoding = 4; lastKnownFileType = sourcecode.c.objc; name = UButton.m; path = UIFoundation/UButton.m; sourceTree = "<group>"; };
		F56C2CBD1B0444D300D5DF66 /* UImageView.h */ = {isa = PBXFileReference; fileEncoding = 4; lastKnownFileType = sourcecode.c.h; name = UImageView.h; path = UIFoundation/UImageView.h; sourceTree = "<group>"; };
		F56C2CBE1B0444D300D5DF66 /* UImageView.m */ = {isa = PBXFileReference; fileEncoding = 4; lastKnownFileType = sourcecode.c.objc; name = UImageView.m; path = UIFoundation/UImageView.m; sourceTree = "<group>"; };
		F56C2CBF1B0444D300D5DF66 /* ULabel.h */ = {isa = PBXFileReference; fileEncoding = 4; lastKnownFileType = sourcecode.c.h; name = ULabel.h; path = UIFoundation/ULabel.h; sourceTree = "<group>"; };
		F56C2CC01B0444D300D5DF66 /* ULabel.m */ = {isa = PBXFileReference; fileEncoding = 4; lastKnownFileType = sourcecode.c.objc; name = ULabel.m; path = UIFoundation/ULabel.m; sourceTree = "<group>"; };
		F56C2CC11B0444D300D5DF66 /* UNavigationBarView.h */ = {isa = PBXFileReference; fileEncoding = 4; lastKnownFileType = sourcecode.c.h; name = UNavigationBarView.h; path = UIFoundation/UNavigationBarView.h; sourceTree = "<group>"; };
		F56C2CC21B0444D300D5DF66 /* UNavigationBarView.m */ = {isa = PBXFileReference; fileEncoding = 4; lastKnownFileType = sourcecode.c.objc; name = UNavigationBarView.m; path = UIFoundation/UNavigationBarView.m; sourceTree = "<group>"; };
		F56C2CC31B0444D300D5DF66 /* UStatusBarView.h */ = {isa = PBXFileReference; fileEncoding = 4; lastKnownFileType = sourcecode.c.h; name = UStatusBarView.h; path = UIFoundation/UStatusBarView.h; sourceTree = "<group>"; };
		F56C2CC41B0444D300D5DF66 /* UStatusBarView.m */ = {isa = PBXFileReference; fileEncoding = 4; lastKnownFileType = sourcecode.c.objc; name = UStatusBarView.m; path = UIFoundation/UStatusBarView.m; sourceTree = "<group>"; };
		F56C2CC51B0444D300D5DF66 /* UTabBarView.h */ = {isa = PBXFileReference; fileEncoding = 4; lastKnownFileType = sourcecode.c.h; name = UTabBarView.h; path = UIFoundation/UTabBarView.h; sourceTree = "<group>"; };
		F56C2CC61B0444D300D5DF66 /* UTabBarView.m */ = {isa = PBXFileReference; fileEncoding = 4; lastKnownFileType = sourcecode.c.objc; name = UTabBarView.m; path = UIFoundation/UTabBarView.m; sourceTree = "<group>"; };
		F56C2CC71B0444D300D5DF66 /* UTableView.h */ = {isa = PBXFileReference; fileEncoding = 4; lastKnownFileType = sourcecode.c.h; name = UTableView.h; path = UIFoundation/UTableView.h; sourceTree = "<group>"; };
		F56C2CC81B0444D300D5DF66 /* UTableView.m */ = {isa = PBXFileReference; fileEncoding = 4; lastKnownFileType = sourcecode.c.objc; name = UTableView.m; path = UIFoundation/UTableView.m; sourceTree = "<group>"; };
		F56C2CC91B0444D300D5DF66 /* UTableViewCell.h */ = {isa = PBXFileReference; fileEncoding = 4; lastKnownFileType = sourcecode.c.h; name = UTableViewCell.h; path = UIFoundation/UTableViewCell.h; sourceTree = "<group>"; };
		F56C2CCA1B0444D300D5DF66 /* UTableViewCell.m */ = {isa = PBXFileReference; fileEncoding = 4; lastKnownFileType = sourcecode.c.objc; name = UTableViewCell.m; path = UIFoundation/UTableViewCell.m; sourceTree = "<group>"; };
		F56C2CCB1B0444D300D5DF66 /* UTextField.h */ = {isa = PBXFileReference; fileEncoding = 4; lastKnownFileType = sourcecode.c.h; name = UTextField.h; path = UIFoundation/UTextField.h; sourceTree = "<group>"; };
		F56C2CCC1B0444D300D5DF66 /* UTextField.m */ = {isa = PBXFileReference; fileEncoding = 4; lastKnownFileType = sourcecode.c.objc; name = UTextField.m; path = UIFoundation/UTextField.m; sourceTree = "<group>"; };
		F56C2CCD1B0444D300D5DF66 /* UTextView.h */ = {isa = PBXFileReference; fileEncoding = 4; lastKnownFileType = sourcecode.c.h; name = UTextView.h; path = UIFoundation/UTextView.h; sourceTree = "<group>"; };
		F56C2CCE1B0444D300D5DF66 /* UTextView.m */ = {isa = PBXFileReference; fileEncoding = 4; lastKnownFileType = sourcecode.c.objc; name = UTextView.m; path = UIFoundation/UTextView.m; sourceTree = "<group>"; };
		F56C2CCF1B0444D300D5DF66 /* UView.h */ = {isa = PBXFileReference; fileEncoding = 4; lastKnownFileType = sourcecode.c.h; name = UView.h; path = UIFoundation/UView.h; sourceTree = "<group>"; };
		F56C2CD01B0444D300D5DF66 /* UView.m */ = {isa = PBXFileReference; fileEncoding = 4; lastKnownFileType = sourcecode.c.objc; name = UView.m; path = UIFoundation/UView.m; sourceTree = "<group>"; };
		F56C2CD11B0444D300D5DF66 /* UWebView.h */ = {isa = PBXFileReference; fileEncoding = 4; lastKnownFileType = sourcecode.c.h; name = UWebView.h; path = UIFoundation/UWebView.h; sourceTree = "<group>"; };
		F56C2CD21B0444D300D5DF66 /* UWebView.m */ = {isa = PBXFileReference; fileEncoding = 4; lastKnownFileType = sourcecode.c.objc; name = UWebView.m; path = UIFoundation/UWebView.m; sourceTree = "<group>"; };
		F57848DC1BAD587B00E7121B /* UTableViewController.h */ = {isa = PBXFileReference; fileEncoding = 4; lastKnownFileType = sourcecode.c.h; name = UTableViewController.h; path = UIFoundation/UTableViewController.h; sourceTree = "<group>"; };
		F57848DD1BAD587B00E7121B /* UTableViewController.m */ = {isa = PBXFileReference; fileEncoding = 4; lastKnownFileType = sourcecode.c.objc; name = UTableViewController.m; path = UIFoundation/UTableViewController.m; sourceTree = "<group>"; };
		F5974CC31B01FA0E004AA14F /* UFoundation.framework */ = {isa = PBXFileReference; explicitFileType = wrapper.cfbundle; includeInIndex = 0; path = UFoundation.framework; sourceTree = BUILT_PRODUCTS_DIR; };
		F5974CC71B01FA0F004AA14F /* Info.plist */ = {isa = PBXFileReference; lastKnownFileType = text.plist.xml; path = Info.plist; sourceTree = "<group>"; };
		F5974D011B02051F004AA14F /* UFoundation.h */ = {isa = PBXFileReference; lastKnownFileType = sourcecode.c.h; path = UFoundation.h; sourceTree = "<group>"; };
		F5974D021B02057F004AA14F /* UDefines.h */ = {isa = PBXFileReference; lastKnownFileType = sourcecode.c.h; path = UDefines.h; sourceTree = "<group>"; };
/* End PBXFileReference section */

/* Begin PBXFrameworksBuildPhase section */
		F5974CC01B01FA0E004AA14F /* Frameworks */ = {
			isa = PBXFrameworksBuildPhase;
			buildActionMask = 2147483647;
			files = (
			);
			runOnlyForDeploymentPostprocessing = 0;
		};
/* End PBXFrameworksBuildPhase section */

/* Begin PBXGroup section */
		F50DAE071B6750730032077A /* Resources */ = {
			isa = PBXGroup;
			children = (
				F511C1D91B6F2A5400DBAECE /* Resource.bundle */,
			);
			name = Resources;
			sourceTree = "<group>";
		};
		F51C114F1B90575400F29C3F /* References */ = {
			isa = PBXGroup;
			children = (
				F51C114D1B90567900F29C3F /* Accelerate.framework */,
			);
			name = References;
			sourceTree = "<group>";
		};
		F51C11981B90630300F29C3F /* Categories */ = {
			isa = PBXGroup;
			children = (
				F51C11991B90630300F29C3F /* NSArray+UAExtension.h */,
				F51C119A1B90630300F29C3F /* NSArray+UAExtension.m */,
				F51C119B1B90630300F29C3F /* NSData+UAExtension.h */,
				F51C119C1B90630300F29C3F /* NSData+UAExtension.m */,
				F51C119D1B90630300F29C3F /* NSDate+UAExtension.h */,
				F51C119E1B90630300F29C3F /* NSDate+UAExtension.m */,
				F51C119F1B90630300F29C3F /* NSDictionary+UAExtension.h */,
				F51C11A01B90630300F29C3F /* NSDictionary+UAExtension.m */,
				F51C11A11B90630300F29C3F /* NSObject+UAExtension.h */,
				F51C11A21B90630300F29C3F /* NSObject+UAExtension.m */,
				F51C11A31B90630300F29C3F /* NSString+UAExtension.h */,
				F51C11A41B90630300F29C3F /* NSString+UAExtension.m */,
				F51C11A71B90630300F29C3F /* UIColor+UAExtension.h */,
				F51C11A81B90630300F29C3F /* UIColor+UAExtension.m */,
				F51C11A51B90630300F29C3F /* UIButton+UAExtension.h */,
				F51C11A61B90630300F29C3F /* UIButton+UAExtension.m */,
				F51C11A91B90630300F29C3F /* UIImage+UAExtension.h */,
				F51C11AA1B90630300F29C3F /* UIImage+UAExtension.m */,
				F51C11FD1B90633900F29C3F /* UIImageView+UAExtension.h */,
				F51C11FE1B90633900F29C3F /* UIImageView+UAExtension.m */,
				F51C11AB1B90630300F29C3F /* UILabel+UAExtension.h */,
				F51C11AC1B90630300F29C3F /* UILabel+UAExtension.m */,
				F51593891BAC55440043FFE9 /* UIScrollView+UAExtension.h */,
				F515938A1BAC55440043FFE9 /* UIScrollView+UAExtension.m */,
				F51C11AD1B90630300F29C3F /* UITableView+UAExtension.h */,
				F51C11AE1B90630300F29C3F /* UITableView+UAExtension.m */,
				F51C11AF1B90630300F29C3F /* UITableViewCell+UAExtension.h */,
				F51C11B01B90630300F29C3F /* UITableViewCell+UAExtension.m */,
				F51C11B11B90630300F29C3F /* UITextField+UAExtension.h */,
				F51C11B21B90630300F29C3F /* UITextField+UAExtension.m */,
				F51C11B31B90630300F29C3F /* UITextView+UAExtension.h */,
				F51C11B41B90630300F29C3F /* UITextView+UAExtension.m */,
				F51C11B51B90630300F29C3F /* UIView+UAExtension.h */,
				F51C11B61B90630300F29C3F /* UIView+UAExtension.m */,
				F51C11B71B90630300F29C3F /* UIViewController+UAExtension.h */,
				F51C11B81B90630300F29C3F /* UIViewController+UAExtension.m */,
			);
			path = Categories;
			sourceTree = "<group>";
		};
		F51C11B91B90630300F29C3F /* Utilities */ = {
			isa = PBXGroup;
			children = (
				F51C11BA1B90630300F29C3F /* UHTTPOperation */,
				F51C11BD1B90630300F29C3F /* UHTTPRequest */,
				F51C11C01B90630300F29C3F /* UModel */,
				F51C11C31B90630300F29C3F /* UOperationQueue */,
				F51C11C61B90630300F29C3F /* UProgressHUD */,
				F51C11C91B90630300F29C3F /* UThreadPool */,
				F51C11CC1B90630300F29C3F /* UTimerBooster */,
			);
			path = Utilities;
			sourceTree = "<group>";
		};
		F51C11BA1B90630300F29C3F /* UHTTPOperation */ = {
			isa = PBXGroup;
			children = (
				F51C11BB1B90630300F29C3F /* UHTTPOperation.h */,
				F51C11BC1B90630300F29C3F /* UHTTPOperation.m */,
			);
			path = UHTTPOperation;
			sourceTree = "<group>";
		};
		F51C11BD1B90630300F29C3F /* UHTTPRequest */ = {
			isa = PBXGroup;
			children = (
				F51C11BE1B90630300F29C3F /* UHTTPRequest.h */,
				F51C11BF1B90630300F29C3F /* UHTTPRequest.m */,
			);
			path = UHTTPRequest;
			sourceTree = "<group>";
		};
		F51C11C01B90630300F29C3F /* UModel */ = {
			isa = PBXGroup;
			children = (
				F51C11C11B90630300F29C3F /* UModel.h */,
				F51C11C21B90630300F29C3F /* UModel.m */,
			);
			path = UModel;
			sourceTree = "<group>";
		};
		F51C11C31B90630300F29C3F /* UOperationQueue */ = {
			isa = PBXGroup;
			children = (
				F51C11C41B90630300F29C3F /* UOperationQueue.h */,
				F51C11C51B90630300F29C3F /* UOperationQueue.m */,
			);
			path = UOperationQueue;
			sourceTree = "<group>";
		};
		F51C11C61B90630300F29C3F /* UProgressHUD */ = {
			isa = PBXGroup;
			children = (
				F51C11C71B90630300F29C3F /* UProgressHUD.h */,
				F51C11C81B90630300F29C3F /* UProgressHUD.m */,
			);
			path = UProgressHUD;
			sourceTree = "<group>";
		};
		F51C11C91B90630300F29C3F /* UThreadPool */ = {
			isa = PBXGroup;
			children = (
				F51C11CA1B90630300F29C3F /* UThreadPool.h */,
				F51C11CB1B90630300F29C3F /* UThreadPool.m */,
			);
			path = UThreadPool;
			sourceTree = "<group>";
		};
		F51C11CC1B90630300F29C3F /* UTimerBooster */ = {
			isa = PBXGroup;
			children = (
				F51C11CD1B90630300F29C3F /* UTimerBooster.h */,
				F51C11CE1B90630300F29C3F /* UTimerBooster.m */,
			);
			path = UTimerBooster;
			sourceTree = "<group>";
		};
		F53867381B41589C0024EA4F /* Models */ = {
			isa = PBXGroup;
			children = (
			);
			name = Models;
			sourceTree = "<group>";
		};
		F5974CBA1B01FA0D004AA14F = {
			isa = PBXGroup;
			children = (
				F51C114F1B90575400F29C3F /* References */,
				F5974CC51B01FA0E004AA14F /* UFoundation */,
				F50DAE071B6750730032077A /* Resources */,
				F5974CC41B01FA0E004AA14F /* Products */,
			);
			sourceTree = "<group>";
		};
		F5974CC41B01FA0E004AA14F /* Products */ = {
			isa = PBXGroup;
			children = (
				F5974CC31B01FA0E004AA14F /* UFoundation.framework */,
			);
			name = Products;
			sourceTree = "<group>";
		};
		F5974CC51B01FA0E004AA14F /* UFoundation */ = {
			isa = PBXGroup;
			children = (
				F5974D011B02051F004AA14F /* UFoundation.h */,
				F5974D021B02057F004AA14F /* UDefines.h */,
				F51C11981B90630300F29C3F /* Categories */,
				F51C11B91B90630300F29C3F /* Utilities */,
				F5974CCF1B02009C004AA14F /* UIFoundation */,
				F5974CC61B01FA0F004AA14F /* Supporting Files */,
			);
			path = UFoundation;
			sourceTree = "<group>";
		};
		F5974CC61B01FA0F004AA14F /* Supporting Files */ = {
			isa = PBXGroup;
			children = (
				F5974CC71B01FA0F004AA14F /* Info.plist */,
			);
			name = "Supporting Files";
			sourceTree = "<group>";
		};
		F5974CCF1B02009C004AA14F /* UIFoundation */ = {
			isa = PBXGroup;
			children = (
				F53867381B41589C0024EA4F /* Models */,
				F5974CE01B020352004AA14F /* Controllers */,
				F5974CE11B020367004AA14F /* Views */,
			);
			name = UIFoundation;
			sourceTree = "<group>";
		};
		F5974CE01B020352004AA14F /* Controllers */ = {
			isa = PBXGroup;
			children = (
				F56C2CB31B04449400D5DF66 /* UViewController.h */,
				F56C2CB41B04449400D5DF66 /* UViewController.m */,
				F56C2CAF1B04449400D5DF66 /* UNavigationController.h */,
				F50E63141B7C6D8000E442E8 /* UNavigationController.m */,
				F56C2CB11B04449400D5DF66 /* UTabBarController.h */,
				F56C2CB21B04449400D5DF66 /* UTabBarController.m */,
				F50ED6051B79A1230027EC82 /* UImagePickerControllerController.h */,
				F50ED6061B79A1230027EC82 /* UImagePickerControllerController.m */,
				F57848DC1BAD587B00E7121B /* UTableViewController.h */,
				F57848DD1BAD587B00E7121B /* UTableViewController.m */,
			);
			name = Controllers;
			sourceTree = "<group>";
		};
		F5974CE11B020367004AA14F /* Views */ = {
			isa = PBXGroup;
			children = (
				F56C2CCF1B0444D300D5DF66 /* UView.h */,
				F56C2CD01B0444D300D5DF66 /* UView.m */,
				F56C2CBF1B0444D300D5DF66 /* ULabel.h */,
				F56C2CC01B0444D300D5DF66 /* ULabel.m */,
				F56C2CBB1B0444D300D5DF66 /* UButton.h */,
				F56C2CBC1B0444D300D5DF66 /* UButton.m */,
				F56C2CBD1B0444D300D5DF66 /* UImageView.h */,
				F56C2CBE1B0444D300D5DF66 /* UImageView.m */,
				F56C2CC71B0444D300D5DF66 /* UTableView.h */,
				F56C2CC81B0444D300D5DF66 /* UTableView.m */,
				F56C2CC91B0444D300D5DF66 /* UTableViewCell.h */,
				F56C2CCA1B0444D300D5DF66 /* UTableViewCell.m */,
				F56C2CCB1B0444D300D5DF66 /* UTextField.h */,
				F56C2CCC1B0444D300D5DF66 /* UTextField.m */,
				F56C2CCD1B0444D300D5DF66 /* UTextView.h */,
				F56C2CCE1B0444D300D5DF66 /* UTextView.m */,
				F56C2CD11B0444D300D5DF66 /* UWebView.h */,
				F56C2CD21B0444D300D5DF66 /* UWebView.m */,
				F56C2CC31B0444D300D5DF66 /* UStatusBarView.h */,
				F56C2CC41B0444D300D5DF66 /* UStatusBarView.m */,
				F56C2CC11B0444D300D5DF66 /* UNavigationBarView.h */,
				F56C2CC21B0444D300D5DF66 /* UNavigationBarView.m */,
				F56C2CC51B0444D300D5DF66 /* UTabBarView.h */,
				F56C2CC61B0444D300D5DF66 /* UTabBarView.m */,
				F5127BC21B7A38DC007952C7 /* UScrollView.h */,
				F5127BC31B7A38DC007952C7 /* UScrollView.m */,
				F51431CC1B89AFFF00C2372E /* UBarButton.h */,
				F51431CD1B89AFFF00C2372E /* UBarButton.m */,
				F51431C81B89AE9300C2372E /* UTabBarButton.h */,
				F51431C91B89AE9300C2372E /* UTabBarButton.m */,
				F51431C41B89AE7800C2372E /* UNavigationBarButton.h */,
				F51431C51B89AE7800C2372E /* UNavigationbarButton.m */,
				F510A6B31BB0D82C000968AB /* URefreshView.h */,
				F510A6B41BB0D82C000968AB /* URefreshView.m */,
				F52AD2B81BB2AA630074DBA1 /* UIndicatorView.h */,
				F52AD2B91BB2AA630074DBA1 /* UIndicatorView.m */,
			);
			name = Views;
			sourceTree = "<group>";
		};
/* End PBXGroup section */

/* Begin PBXHeadersBuildPhase section */
		F5687D671B022E4A0073594C /* Headers */ = {
			isa = PBXHeadersBuildPhase;
			buildActionMask = 2147483647;
			files = (
				F52AD2BA1BB2AA630074DBA1 /* UIndicatorView.h in Headers */,
				F510A6B51BB0D82C000968AB /* URefreshView.h in Headers */,
				F515938B1BAC55440043FFE9 /* UIScrollView+UAExtension.h in Headers */,
				F57848DE1BAD587B00E7121B /* UTableViewController.h in Headers */,
				F51C11EF1B90630300F29C3F /* UHTTPOperation.h in Headers */,
				F51C11D51B90630300F29C3F /* NSDictionary+UAExtension.h in Headers */,
				F51C11E51B90630300F29C3F /* UITableViewCell+UAExtension.h in Headers */,
				F51C11F71B90630300F29C3F /* UProgressHUD.h in Headers */,
				F51C11D11B90630300F29C3F /* NSData+UAExtension.h in Headers */,
				F51C11E71B90630300F29C3F /* UITextField+UAExtension.h in Headers */,
				F51C11F51B90630300F29C3F /* UOperationQueue.h in Headers */,
				F51C11DF1B90630300F29C3F /* UIImage+UAExtension.h in Headers */,
				F51C11E11B90630300F29C3F /* UILabel+UAExtension.h in Headers */,
				F51C11F11B90630300F29C3F /* UHTTPRequest.h in Headers */,
				F51C11E31B90630300F29C3F /* UITableView+UAExtension.h in Headers */,
				F51C11FB1B90630300F29C3F /* UTimerBooster.h in Headers */,
				F51C11DD1B90630300F29C3F /* UIColor+UAExtension.h in Headers */,
				F51C11D31B90630300F29C3F /* NSDate+UAExtension.h in Headers */,
				F51C11F31B90630300F29C3F /* UModel.h in Headers */,
				F51C11ED1B90630300F29C3F /* UIViewController+UAExtension.h in Headers */,
				F51C11DB1B90630300F29C3F /* UIButton+UAExtension.h in Headers */,
				F51C11EB1B90630300F29C3F /* UIView+UAExtension.h in Headers */,
				F51C11D71B90630300F29C3F /* NSObject+UAExtension.h in Headers */,
				F51C11FF1B90633900F29C3F /* UIImageView+UAExtension.h in Headers */,
				F51C11CF1B90630300F29C3F /* NSArray+UAExtension.h in Headers */,
				F51C11F91B90630300F29C3F /* UThreadPool.h in Headers */,
				F51C11D91B90630300F29C3F /* NSString+UAExtension.h in Headers */,
				F51C11E91B90630300F29C3F /* UITextView+UAExtension.h in Headers */,
				F51431CE1B89AFFF00C2372E /* UBarButton.h in Headers */,
				F51431C61B89AE7800C2372E /* UNavigationBarButton.h in Headers */,
				F51431CA1B89AE9300C2372E /* UTabBarButton.h in Headers */,
				F5127BC41B7A38DC007952C7 /* UScrollView.h in Headers */,
				F50ED6071B79A1230027EC82 /* UImagePickerControllerController.h in Headers */,
				F56C2CDD1B0444D300D5DF66 /* UTabBarView.h in Headers */,
				F56C2CE91B0444D300D5DF66 /* UWebView.h in Headers */,
				F56C2CE71B0444D300D5DF66 /* UView.h in Headers */,
				F56C2CD31B0444D300D5DF66 /* UButton.h in Headers */,
				F56C2CD71B0444D300D5DF66 /* ULabel.h in Headers */,
				F56C2CB71B04449400D5DF66 /* UTabBarController.h in Headers */,
				F56C2CE51B0444D300D5DF66 /* UTextView.h in Headers */,
				F56C2CDF1B0444D300D5DF66 /* UTableView.h in Headers */,
				F56C2CB91B04449400D5DF66 /* UViewController.h in Headers */,
				F56C2CD51B0444D300D5DF66 /* UImageView.h in Headers */,
				F56C2CD91B0444D300D5DF66 /* UNavigationBarView.h in Headers */,
				F56C2CE31B0444D300D5DF66 /* UTextField.h in Headers */,
				F56C2CDB1B0444D300D5DF66 /* UStatusBarView.h in Headers */,
				F56C2CE11B0444D300D5DF66 /* UTableViewCell.h in Headers */,
				F56C2CB51B04449400D5DF66 /* UNavigationController.h in Headers */,
				F5687D691B022E6B0073594C /* UDefines.h in Headers */,
				F5687D681B022E6B0073594C /* UFoundation.h in Headers */,
			);
			runOnlyForDeploymentPostprocessing = 0;
		};
/* End PBXHeadersBuildPhase section */

/* Begin PBXNativeTarget section */
		F5974CC21B01FA0E004AA14F /* UFoundation */ = {
			isa = PBXNativeTarget;
			buildConfigurationList = F5974CCA1B01FA0F004AA14F /* Build configuration list for PBXNativeTarget "UFoundation" */;
			buildPhases = (
				F5974CBF1B01FA0E004AA14F /* Sources */,
				F5974CC01B01FA0E004AA14F /* Frameworks */,
				F5974CC11B01FA0E004AA14F /* Resources */,
				F5687D671B022E4A0073594C /* Headers */,
			);
			buildRules = (
			);
			dependencies = (
			);
			name = UFoundation;
			productName = UFoundation;
			productReference = F5974CC31B01FA0E004AA14F /* UFoundation.framework */;
			productType = "com.apple.product-type.bundle";
		};
/* End PBXNativeTarget section */

/* Begin PBXProject section */
		F5974CBB1B01FA0D004AA14F /* Project object */ = {
			isa = PBXProject;
			attributes = {
				LastUpgradeCheck = 0640;
				ORGANIZATIONNAME = think;
				TargetAttributes = {
					F5974CC21B01FA0E004AA14F = {
						CreatedOnToolsVersion = 6.3.1;
					};
				};
			};
			buildConfigurationList = F5974CBE1B01FA0D004AA14F /* Build configuration list for PBXProject "UFoundation" */;
			compatibilityVersion = "Xcode 3.2";
			developmentRegion = English;
			hasScannedForEncodings = 0;
			knownRegions = (
				en,
			);
			mainGroup = F5974CBA1B01FA0D004AA14F;
			productRefGroup = F5974CC41B01FA0E004AA14F /* Products */;
			projectDirPath = "";
			projectRoot = "";
			targets = (
				F5974CC21B01FA0E004AA14F /* UFoundation */,
			);
		};
/* End PBXProject section */

/* Begin PBXResourcesBuildPhase section */
		F5974CC11B01FA0E004AA14F /* Resources */ = {
			isa = PBXResourcesBuildPhase;
			buildActionMask = 2147483647;
			files = (
				F511C1DA1B6F2A5400DBAECE /* Resource.bundle in Resources */,
			);
			runOnlyForDeploymentPostprocessing = 0;
		};
/* End PBXResourcesBuildPhase section */

/* Begin PBXSourcesBuildPhase section */
		F5974CBF1B01FA0E004AA14F /* Sources */ = {
			isa = PBXSourcesBuildPhase;
			buildActionMask = 2147483647;
			files = (
				F56C2CDA1B0444D300D5DF66 /* UNavigationBarView.m in Sources */,
				F51C11D21B90630300F29C3F /* NSData+UAExtension.m in Sources */,
				F56C2CE81B0444D300D5DF66 /* UView.m in Sources */,
				F51C11D41B90630300F29C3F /* NSDate+UAExtension.m in Sources */,
				F56C2CEA1B0444D300D5DF66 /* UWebView.m in Sources */,
				F56C2CB81B04449400D5DF66 /* UTabBarController.m in Sources */,
				F51C11EA1B90630300F29C3F /* UITextView+UAExtension.m in Sources */,
				F56C2CD81B0444D300D5DF66 /* ULabel.m in Sources */,
				F51C11E61B90630300F29C3F /* UITableViewCell+UAExtension.m in Sources */,
				F51C11E01B90630300F29C3F /* UIImage+UAExtension.m in Sources */,
				F51C11E81B90630300F29C3F /* UITextField+UAExtension.m in Sources */,
				F56C2CD61B0444D300D5DF66 /* UImageView.m in Sources */,
				F51C11FA1B90630300F29C3F /* UThreadPool.m in Sources */,
				F51C11F21B90630300F29C3F /* UHTTPRequest.m in Sources */,
				F50ED6081B79A1230027EC82 /* UImagePickerControllerController.m in Sources */,
				F510A6B61BB0D82C000968AB /* URefreshView.m in Sources */,
				F56C2CDC1B0444D300D5DF66 /* UStatusBarView.m in Sources */,
				F51C11D81B90630300F29C3F /* NSObject+UAExtension.m in Sources */,
				F57848DF1BAD587B00E7121B /* UTableViewController.m in Sources */,
				F51C11EC1B90630300F29C3F /* UIView+UAExtension.m in Sources */,
				F56C2CD41B0444D300D5DF66 /* UButton.m in Sources */,
				F52AD2BB1BB2AA630074DBA1 /* UIndicatorView.m in Sources */,
				F56C2CBA1B04449400D5DF66 /* UViewController.m in Sources */,
				F5127BC51B7A38DC007952C7 /* UScrollView.m in Sources */,
				F51C11F41B90630300F29C3F /* UModel.m in Sources */,
				F50E63151B7C6D8000E442E8 /* UNavigationController.m in Sources */,
				F51C11F61B90630300F29C3F /* UOperationQueue.m in Sources */,
				F51C11D61B90630300F29C3F /* NSDictionary+UAExtension.m in Sources */,
				F56C2CE61B0444D300D5DF66 /* UTextView.m in Sources */,
				F51431CF1B89AFFF00C2372E /* UBarButton.m in Sources */,
				F51431CB1B89AE9300C2372E /* UTabBarButton.m in Sources */,
				F56C2CDE1B0444D300D5DF66 /* UTabBarView.m in Sources */,
				F56C2CE41B0444D300D5DF66 /* UTextField.m in Sources */,
				F51C11EE1B90630300F29C3F /* UIViewController+UAExtension.m in Sources */,
				F51C11DA1B90630300F29C3F /* NSString+UAExtension.m in Sources */,
				F51C11F81B90630300F29C3F /* UProgressHUD.m in Sources */,
				F51C11FC1B90630300F29C3F /* UTimerBooster.m in Sources */,
				F51C11F01B90630300F29C3F /* UHTTPOperation.m in Sources */,
				F56C2CE01B0444D300D5DF66 /* UTableView.m in Sources */,
				F51C11E41B90630300F29C3F /* UITableView+UAExtension.m in Sources */,
				F515938C1BAC55440043FFE9 /* UIScrollView+UAExtension.m in Sources */,
				F51C11DE1B90630300F29C3F /* UIColor+UAExtension.m in Sources */,
				F51431C71B89AE7800C2372E /* UNavigationbarButton.m in Sources */,
				F56C2CE21B0444D300D5DF66 /* UTableViewCell.m in Sources */,
				F51C11DC1B90630300F29C3F /* UIButton+UAExtension.m in Sources */,
				F51C11D01B90630300F29C3F /* NSArray+UAExtension.m in Sources */,
				F51C12001B90633900F29C3F /* UIImageView+UAExtension.m in Sources */,
				F51C11E21B90630300F29C3F /* UILabel+UAExtension.m in Sources */,
			);
			runOnlyForDeploymentPostprocessing = 0;
		};
/* End PBXSourcesBuildPhase section */

/* Begin XCBuildConfiguration section */
		F5974CC81B01FA0F004AA14F /* Debug */ = {
			isa = XCBuildConfiguration;
			buildSettings = {
				ALWAYS_SEARCH_USER_PATHS = NO;
				CLANG_CXX_LANGUAGE_STANDARD = "gnu++0x";
				CLANG_CXX_LIBRARY = "libc++";
				CLANG_ENABLE_MODULES = YES;
				CLANG_ENABLE_OBJC_ARC = YES;
				CLANG_WARN_BOOL_CONVERSION = YES;
				CLANG_WARN_CONSTANT_CONVERSION = YES;
				CLANG_WARN_DIRECT_OBJC_ISA_USAGE = YES_ERROR;
				CLANG_WARN_EMPTY_BODY = YES;
				CLANG_WARN_ENUM_CONVERSION = YES;
				CLANG_WARN_INT_CONVERSION = YES;
				CLANG_WARN_OBJC_ROOT_CLASS = YES_ERROR;
				CLANG_WARN_UNREACHABLE_CODE = YES;
				CLANG_WARN__DUPLICATE_METHOD_MATCH = YES;
				COPY_PHASE_STRIP = NO;
				DEAD_CODE_STRIPPING = NO;
				DEBUG_INFORMATION_FORMAT = dwarf;
				ENABLE_STRICT_OBJC_MSGSEND = YES;
				GCC_C_LANGUAGE_STANDARD = gnu99;
				GCC_DYNAMIC_NO_PIC = NO;
				GCC_NO_COMMON_BLOCKS = YES;
				GCC_OPTIMIZATION_LEVEL = 0;
				GCC_PREPROCESSOR_DEFINITIONS = (
					"DEBUG=1",
					"$(inherited)",
				);
				GCC_SYMBOLS_PRIVATE_EXTERN = NO;
				GCC_WARN_64_TO_32_BIT_CONVERSION = YES;
				GCC_WARN_ABOUT_RETURN_TYPE = YES_ERROR;
				GCC_WARN_UNDECLARED_SELECTOR = YES;
				GCC_WARN_UNINITIALIZED_AUTOS = YES_AGGRESSIVE;
				GCC_WARN_UNUSED_FUNCTION = YES;
				GCC_WARN_UNUSED_VARIABLE = YES;
				IPHONEOS_DEPLOYMENT_TARGET = 6.0;
				LINK_WITH_STANDARD_LIBRARIES = NO;
				MACH_O_TYPE = mh_object;
				MACOSX_DEPLOYMENT_TARGET = "";
				MTL_ENABLE_DEBUG_INFO = YES;
				ONLY_ACTIVE_ARCH = YES;
				SDKROOT = iphoneos;
				TARGETED_DEVICE_FAMILY = "1,2";
				WRAPPER_EXTENSION = framework;
			};
			name = Debug;
		};
		F5974CC91B01FA0F004AA14F /* Release */ = {
			isa = XCBuildConfiguration;
			buildSettings = {
				ALWAYS_SEARCH_USER_PATHS = NO;
				CLANG_CXX_LANGUAGE_STANDARD = "gnu++0x";
				CLANG_CXX_LIBRARY = "libc++";
				CLANG_ENABLE_MODULES = YES;
				CLANG_ENABLE_OBJC_ARC = YES;
				CLANG_WARN_BOOL_CONVERSION = YES;
				CLANG_WARN_CONSTANT_CONVERSION = YES;
				CLANG_WARN_DIRECT_OBJC_ISA_USAGE = YES_ERROR;
				CLANG_WARN_EMPTY_BODY = YES;
				CLANG_WARN_ENUM_CONVERSION = YES;
				CLANG_WARN_INT_CONVERSION = YES;
				CLANG_WARN_OBJC_ROOT_CLASS = YES_ERROR;
				CLANG_WARN_UNREACHABLE_CODE = YES;
				CLANG_WARN__DUPLICATE_METHOD_MATCH = YES;
				COPY_PHASE_STRIP = NO;
				DEAD_CODE_STRIPPING = NO;
				DEBUG_INFORMATION_FORMAT = "dwarf-with-dsym";
				ENABLE_NS_ASSERTIONS = NO;
				ENABLE_STRICT_OBJC_MSGSEND = YES;
				GCC_C_LANGUAGE_STANDARD = gnu99;
				GCC_NO_COMMON_BLOCKS = YES;
				GCC_WARN_64_TO_32_BIT_CONVERSION = YES;
				GCC_WARN_ABOUT_RETURN_TYPE = YES_ERROR;
				GCC_WARN_UNDECLARED_SELECTOR = YES;
				GCC_WARN_UNINITIALIZED_AUTOS = YES_AGGRESSIVE;
				GCC_WARN_UNUSED_FUNCTION = YES;
				GCC_WARN_UNUSED_VARIABLE = YES;
				IPHONEOS_DEPLOYMENT_TARGET = 6.0;
				LINK_WITH_STANDARD_LIBRARIES = NO;
				MACH_O_TYPE = mh_object;
				MACOSX_DEPLOYMENT_TARGET = "";
				MTL_ENABLE_DEBUG_INFO = NO;
				SDKROOT = iphoneos;
				TARGETED_DEVICE_FAMILY = "1,2";
				WRAPPER_EXTENSION = framework;
			};
			name = Release;
		};
		F5974CCB1B01FA0F004AA14F /* Debug */ = {
			isa = XCBuildConfiguration;
			buildSettings = {
				COMBINE_HIDPI_IMAGES = YES;
				INFOPLIST_FILE = UFoundation/Info.plist;
				INSTALL_PATH = "$(LOCAL_LIBRARY_DIR)/Bundles";
				LIBRARY_SEARCH_PATHS = "$(inherited)";
				PRODUCT_NAME = "$(TARGET_NAME)";
				SKIP_INSTALL = YES;
				WRAPPER_EXTENSION = framework;
			};
			name = Debug;
		};
		F5974CCC1B01FA0F004AA14F /* Release */ = {
			isa = XCBuildConfiguration;
			buildSettings = {
				COMBINE_HIDPI_IMAGES = YES;
				INFOPLIST_FILE = UFoundation/Info.plist;
				INSTALL_PATH = "$(LOCAL_LIBRARY_DIR)/Bundles";
				LIBRARY_SEARCH_PATHS = "$(inherited)";
				PRODUCT_NAME = "$(TARGET_NAME)";
				SKIP_INSTALL = YES;
				WRAPPER_EXTENSION = framework;
			};
			name = Release;
		};
/* End XCBuildConfiguration section */

/* Begin XCConfigurationList section */
		F5974CBE1B01FA0D004AA14F /* Build configuration list for PBXProject "UFoundation" */ = {
			isa = XCConfigurationList;
			buildConfigurations = (
				F5974CC81B01FA0F004AA14F /* Debug */,
				F5974CC91B01FA0F004AA14F /* Release */,
			);
			defaultConfigurationIsVisible = 0;
			defaultConfigurationName = Release;
		};
		F5974CCA1B01FA0F004AA14F /* Build configuration list for PBXNativeTarget "UFoundation" */ = {
			isa = XCConfigurationList;
			buildConfigurations = (
				F5974CCB1B01FA0F004AA14F /* Debug */,
				F5974CCC1B01FA0F004AA14F /* Release */,
			);
			defaultConfigurationIsVisible = 0;
			defaultConfigurationName = Release;
		};
/* End XCConfigurationList section */
	};
	rootObject = F5974CBB1B01FA0D004AA14F /* Project object */;
}
